// !$*UTF8*$!
{
	archiveVersion = 1;
	classes = {
	};
	objectVersion = 50;
	objects = {

/* Begin PBXBuildFile section */
		3300797920A76E0200F4A941 /* TPKeyboardAvoidingScrollView.m in Sources */ = {isa = PBXBuildFile; fileRef = 3300797120A76E0000F4A941 /* TPKeyboardAvoidingScrollView.m */; };
		3300797A20A76E0200F4A941 /* TPKeyboardAvoidingTableView.m in Sources */ = {isa = PBXBuildFile; fileRef = 3300797420A76E0100F4A941 /* TPKeyboardAvoidingTableView.m */; };
		3300797B20A76E0200F4A941 /* UIScrollView+TPKeyboardAvoidingAdditions.m in Sources */ = {isa = PBXBuildFile; fileRef = 3300797520A76E0100F4A941 /* UIScrollView+TPKeyboardAvoidingAdditions.m */; };
		3300797C20A76E0200F4A941 /* TPKeyboardAvoidingCollectionView.m in Sources */ = {isa = PBXBuildFile; fileRef = 3300797620A76E0100F4A941 /* TPKeyboardAvoidingCollectionView.m */; };
		3300798020A820EE00F4A941 /* KeyboardState.m in Sources */ = {isa = PBXBuildFile; fileRef = 3300797F20A820EE00F4A941 /* KeyboardState.m */; };
		332D4E632099024700F535E2 /* User.m in Sources */ = {isa = PBXBuildFile; fileRef = 332D4E622099024700F535E2 /* User.m */; };
		33504A2F20A49CD500622F2E /* TPButton.m in Sources */ = {isa = PBXBuildFile; fileRef = 33504A2E20A49CD500622F2E /* TPButton.m */; };
		33504A3520A4B27900622F2E /* UIColor+Helper.m in Sources */ = {isa = PBXBuildFile; fileRef = 33504A3420A4B27900622F2E /* UIColor+Helper.m */; };
		33504A3720A4DB7200622F2E /* Milkshake.otf in Resources */ = {isa = PBXBuildFile; fileRef = 33504A3620A4DB6B00622F2E /* Milkshake.otf */; };
		3366C16E2083CA2400D710A9 /* NSString+Helper.m in Sources */ = {isa = PBXBuildFile; fileRef = 3366C16D2083CA2400D710A9 /* NSString+Helper.m */; };
		3366C1712083E8A200D710A9 /* OtherReceipsCollectionViewCell.m in Sources */ = {isa = PBXBuildFile; fileRef = 3366C1702083E8A200D710A9 /* OtherReceipsCollectionViewCell.m */; };
		3366C1742084B7F500D710A9 /* ChooseEnvironmentViewController.m in Sources */ = {isa = PBXBuildFile; fileRef = 3366C1732084B7F500D710A9 /* ChooseEnvironmentViewController.m */; };
		3366C1772085EFD700D710A9 /* EnvironmentsModel.m in Sources */ = {isa = PBXBuildFile; fileRef = 3366C1762085EFD700D710A9 /* EnvironmentsModel.m */; };
		3366C17A2086224A00D710A9 /* UserDefaultsManager.m in Sources */ = {isa = PBXBuildFile; fileRef = 3366C1792086224A00D710A9 /* UserDefaultsManager.m */; };
		3366C17D20862D6300D710A9 /* EnvironmentButton.m in Sources */ = {isa = PBXBuildFile; fileRef = 3366C17C20862D6300D710A9 /* EnvironmentButton.m */; };
		3366C18020863CD500D710A9 /* Oswald-Light.ttf in Resources */ = {isa = PBXBuildFile; fileRef = 3366C17F20863CD500D710A9 /* Oswald-Light.ttf */; };
		3366C18620867B0400D710A9 /* Helper.m in Sources */ = {isa = PBXBuildFile; fileRef = 3366C18520867B0400D710A9 /* Helper.m */; };
		3366C1892086829200D710A9 /* MacrosHelper.m in Sources */ = {isa = PBXBuildFile; fileRef = 3366C1882086829200D710A9 /* MacrosHelper.m */; };
		3366C18C20889C1800D710A9 /* AuthorModel.m in Sources */ = {isa = PBXBuildFile; fileRef = 3366C18B20889C1800D710A9 /* AuthorModel.m */; };
		3366C18F208B719900D710A9 /* CharityTableViewCell.m in Sources */ = {isa = PBXBuildFile; fileRef = 3366C18E208B719900D710A9 /* CharityTableViewCell.m */; };
		338A571B207F30CF000FA8BD /* AppDelegate.m in Sources */ = {isa = PBXBuildFile; fileRef = 338A571A207F30CF000FA8BD /* AppDelegate.m */; };
		338A5723207F30D0000FA8BD /* Assets.xcassets in Resources */ = {isa = PBXBuildFile; fileRef = 338A5722207F30D0000FA8BD /* Assets.xcassets */; };
		338A5726207F30D0000FA8BD /* LaunchScreen.storyboard in Resources */ = {isa = PBXBuildFile; fileRef = 338A5724207F30D0000FA8BD /* LaunchScreen.storyboard */; };
		338A5729207F30D0000FA8BD /* main.m in Sources */ = {isa = PBXBuildFile; fileRef = 338A5728207F30D0000FA8BD /* main.m */; };
		338A5733207F30D0000FA8BD /* TopPlateTests.m in Sources */ = {isa = PBXBuildFile; fileRef = 338A5732207F30D0000FA8BD /* TopPlateTests.m */; };
		338A573E207F30D0000FA8BD /* TopPlateUITests.m in Sources */ = {isa = PBXBuildFile; fileRef = 338A573D207F30D0000FA8BD /* TopPlateUITests.m */; };
		338A574D207F3480000FA8BD /* WelcomeViewController.m in Sources */ = {isa = PBXBuildFile; fileRef = 338A574C207F3480000FA8BD /* WelcomeViewController.m */; };
		338A5752207F34C4000FA8BD /* SignInViewController.m in Sources */ = {isa = PBXBuildFile; fileRef = 338A5751207F34C4000FA8BD /* SignInViewController.m */; };
		338A5755207F34CE000FA8BD /* SignUpViewController.m in Sources */ = {isa = PBXBuildFile; fileRef = 338A5754207F34CE000FA8BD /* SignUpViewController.m */; };
		338A5758207F34D8000FA8BD /* ForgotPasswordViewController.m in Sources */ = {isa = PBXBuildFile; fileRef = 338A5757207F34D8000FA8BD /* ForgotPasswordViewController.m */; };
		338A575B207F34FF000FA8BD /* PlatesViewController.m in Sources */ = {isa = PBXBuildFile; fileRef = 338A575A207F34FF000FA8BD /* PlatesViewController.m */; };
		338A575F207F3517000FA8BD /* PlateInfoViewController.m in Sources */ = {isa = PBXBuildFile; fileRef = 338A575E207F3517000FA8BD /* PlateInfoViewController.m */; };
		338A5762207F3520000FA8BD /* UploadPlateViewController.m in Sources */ = {isa = PBXBuildFile; fileRef = 338A5761207F3520000FA8BD /* UploadPlateViewController.m */; };
		338A5765207F3530000FA8BD /* SearchViewController.m in Sources */ = {isa = PBXBuildFile; fileRef = 338A5764207F3530000FA8BD /* SearchViewController.m */; };
		338A5768207F353E000FA8BD /* WinnersViewController.m in Sources */ = {isa = PBXBuildFile; fileRef = 338A5767207F353E000FA8BD /* WinnersViewController.m */; };
		338A576B207F356F000FA8BD /* ProfileViewController.m in Sources */ = {isa = PBXBuildFile; fileRef = 338A576A207F356F000FA8BD /* ProfileViewController.m */; };
		338A576F207F35A9000FA8BD /* Login.storyboard in Resources */ = {isa = PBXBuildFile; fileRef = 338A576E207F35A9000FA8BD /* Login.storyboard */; };
		338A5771207F35BB000FA8BD /* Plates.storyboard in Resources */ = {isa = PBXBuildFile; fileRef = 338A5770207F35BB000FA8BD /* Plates.storyboard */; };
		338A5776207F35D3000FA8BD /* Search.storyboard in Resources */ = {isa = PBXBuildFile; fileRef = 338A5775207F35D3000FA8BD /* Search.storyboard */; };
		338A5778207F35EE000FA8BD /* Winners.storyboard in Resources */ = {isa = PBXBuildFile; fileRef = 338A5777207F35EE000FA8BD /* Winners.storyboard */; };
		338A577A207F35F5000FA8BD /* Profile.storyboard in Resources */ = {isa = PBXBuildFile; fileRef = 338A5779207F35F5000FA8BD /* Profile.storyboard */; };
		338A5780207F3630000FA8BD /* LoginModel.m in Sources */ = {isa = PBXBuildFile; fileRef = 338A577F207F3630000FA8BD /* LoginModel.m */; };
		338A5784207F364A000FA8BD /* PlateModel.m in Sources */ = {isa = PBXBuildFile; fileRef = 338A5783207F364A000FA8BD /* PlateModel.m */; };
		338A5787207F3660000FA8BD /* SocialLoginModel.m in Sources */ = {isa = PBXBuildFile; fileRef = 338A5786207F3660000FA8BD /* SocialLoginModel.m */; };
		338A578A207F3670000FA8BD /* LoginModelHelper.m in Sources */ = {isa = PBXBuildFile; fileRef = 338A5789207F3670000FA8BD /* LoginModelHelper.m */; };
		338A578E207F3687000FA8BD /* SocialLoginModelHelper.m in Sources */ = {isa = PBXBuildFile; fileRef = 338A578D207F3687000FA8BD /* SocialLoginModelHelper.m */; };
		338A5791207F3693000FA8BD /* PlateModelHelper.m in Sources */ = {isa = PBXBuildFile; fileRef = 338A5790207F3693000FA8BD /* PlateModelHelper.m */; };
		338A5793207F36D5000FA8BD /* CustomTabBar.storyboard in Resources */ = {isa = PBXBuildFile; fileRef = 338A5792207F36D5000FA8BD /* CustomTabBar.storyboard */; };
		338A5796207F3746000FA8BD /* CustomTabBarViewController.m in Sources */ = {isa = PBXBuildFile; fileRef = 338A5795207F3746000FA8BD /* CustomTabBarViewController.m */; };
		338A5798207F37E7000FA8BD /* UploadPlate.storyboard in Resources */ = {isa = PBXBuildFile; fileRef = 338A5797207F37E7000FA8BD /* UploadPlate.storyboard */; };
		338A579B207F55C6000FA8BD /* PlatesTableViewCell.m in Sources */ = {isa = PBXBuildFile; fileRef = 338A579A207F55C6000FA8BD /* PlatesTableViewCell.m */; };
		338A57A3207F5677000FA8BD /* PlateImageTableViewCell.m in Sources */ = {isa = PBXBuildFile; fileRef = 338A57A2207F5677000FA8BD /* PlateImageTableViewCell.m */; };
		338A57A6207F569D000FA8BD /* PlateNameTableViewCell.m in Sources */ = {isa = PBXBuildFile; fileRef = 338A57A5207F569D000FA8BD /* PlateNameTableViewCell.m */; };
		338A57A9207F56A9000FA8BD /* PlateAuthorInfoTableViewCell.m in Sources */ = {isa = PBXBuildFile; fileRef = 338A57A8207F56A9000FA8BD /* PlateAuthorInfoTableViewCell.m */; };
		338A57AC207F5EF2000FA8BD /* PlateIngredientTableViewCell.m in Sources */ = {isa = PBXBuildFile; fileRef = 338A57AB207F5EF2000FA8BD /* PlateIngredientTableViewCell.m */; };
		338A57AF207F5F02000FA8BD /* PlateSocialShareTableViewCell.m in Sources */ = {isa = PBXBuildFile; fileRef = 338A57AE207F5F02000FA8BD /* PlateSocialShareTableViewCell.m */; };
		338A57B2207F5F11000FA8BD /* PlateOtherReceiptsTableViewCell.m in Sources */ = {isa = PBXBuildFile; fileRef = 338A57B1207F5F11000FA8BD /* PlateOtherReceiptsTableViewCell.m */; };
		338A57B5207F6432000FA8BD /* UIViewController+BackgroundImage.m in Sources */ = {isa = PBXBuildFile; fileRef = 338A57B4207F6432000FA8BD /* UIViewController+BackgroundImage.m */; };
		338A57BA207FB042000FA8BD /* NetworkManager.m in Sources */ = {isa = PBXBuildFile; fileRef = 338A57B9207FB042000FA8BD /* NetworkManager.m */; };
		338A57E2207FB700000FA8BD /* NSValueTransformer+MTLPredefinedTransformerAdditions.m in Sources */ = {isa = PBXBuildFile; fileRef = 338A57BF207FB700000FA8BD /* NSValueTransformer+MTLPredefinedTransformerAdditions.m */; };
		338A57E3207FB700000FA8BD /* NSError+MTLModelException.m in Sources */ = {isa = PBXBuildFile; fileRef = 338A57C0207FB700000FA8BD /* NSError+MTLModelException.m */; };
		338A57E4207FB700000FA8BD /* EXTScope.m in Sources */ = {isa = PBXBuildFile; fileRef = 338A57C5207FB700000FA8BD /* EXTScope.m */; };
		338A57E5207FB700000FA8BD /* EXTRuntimeExtensions.m in Sources */ = {isa = PBXBuildFile; fileRef = 338A57C6207FB700000FA8BD /* EXTRuntimeExtensions.m */; };
		338A57E6207FB700000FA8BD /* MTLJSONAdapter.m in Sources */ = {isa = PBXBuildFile; fileRef = 338A57C9207FB700000FA8BD /* MTLJSONAdapter.m */; };
		338A57E7207FB700000FA8BD /* MTLModel+NSCoding.m in Sources */ = {isa = PBXBuildFile; fileRef = 338A57CA207FB700000FA8BD /* MTLModel+NSCoding.m */; };
		338A57E8207FB700000FA8BD /* NSArray+MTLManipulationAdditions.m in Sources */ = {isa = PBXBuildFile; fileRef = 338A57CE207FB700000FA8BD /* NSArray+MTLManipulationAdditions.m */; };
		338A57E9207FB700000FA8BD /* MTLModel.m in Sources */ = {isa = PBXBuildFile; fileRef = 338A57CF207FB700000FA8BD /* MTLModel.m */; };
		338A57EA207FB700000FA8BD /* NSDictionary+MTLMappingAdditions.m in Sources */ = {isa = PBXBuildFile; fileRef = 338A57D0207FB700000FA8BD /* NSDictionary+MTLMappingAdditions.m */; };
		338A57EB207FB700000FA8BD /* MTLValueTransformer.m in Sources */ = {isa = PBXBuildFile; fileRef = 338A57D5207FB700000FA8BD /* MTLValueTransformer.m */; };
		338A57EC207FB700000FA8BD /* NSObject+MTLComparisonAdditions.m in Sources */ = {isa = PBXBuildFile; fileRef = 338A57D6207FB700000FA8BD /* NSObject+MTLComparisonAdditions.m */; };
		338A57ED207FB700000FA8BD /* NSDictionary+MTLJSONKeyPath.m in Sources */ = {isa = PBXBuildFile; fileRef = 338A57D8207FB700000FA8BD /* NSDictionary+MTLJSONKeyPath.m */; };
		338A57EE207FB700000FA8BD /* NSValueTransformer+MTLInversionAdditions.m in Sources */ = {isa = PBXBuildFile; fileRef = 338A57D9207FB700000FA8BD /* NSValueTransformer+MTLInversionAdditions.m */; };
		338A57EF207FB700000FA8BD /* MTLTransformerErrorHandling.m in Sources */ = {isa = PBXBuildFile; fileRef = 338A57DA207FB700000FA8BD /* MTLTransformerErrorHandling.m */; };
		338A57F0207FB700000FA8BD /* Info.plist in Resources */ = {isa = PBXBuildFile; fileRef = 338A57DC207FB700000FA8BD /* Info.plist */; };
		338A57F1207FB700000FA8BD /* MTLReflection.m in Sources */ = {isa = PBXBuildFile; fileRef = 338A57DD207FB700000FA8BD /* MTLReflection.m */; };
		338A57F2207FB700000FA8BD /* NSDictionary+MTLManipulationAdditions.m in Sources */ = {isa = PBXBuildFile; fileRef = 338A57E1207FB700000FA8BD /* NSDictionary+MTLManipulationAdditions.m */; };
		338A57F6207FBD8E000FA8BD /* ModelsManager.m in Sources */ = {isa = PBXBuildFile; fileRef = 338A57F5207FBD8E000FA8BD /* ModelsManager.m */; };
		33A7AC182096459700C397AB /* IngredientTableViewCell.m in Sources */ = {isa = PBXBuildFile; fileRef = 33A7AC172096459700C397AB /* IngredientTableViewCell.m */; };
		33A7AC1C20964C6000C397AB /* TPTextField.m in Sources */ = {isa = PBXBuildFile; fileRef = 33A7AC1B20964C6000C397AB /* TPTextField.m */; };
		33A7AC1F2096649A00C397AB /* TPTextView.m in Sources */ = {isa = PBXBuildFile; fileRef = 33A7AC1E2096649A00C397AB /* TPTextView.m */; };
		33A7AC2320970AEA00C397AB /* JSImagePickerViewController.m in Sources */ = {isa = PBXBuildFile; fileRef = 33A7AC2220970AEA00C397AB /* JSImagePickerViewController.m */; };
		33B615F5209EFDD10096F8C5 /* AuthorModelHelper.m in Sources */ = {isa = PBXBuildFile; fileRef = 33B615F4209EFDD10096F8C5 /* AuthorModelHelper.m */; };
		33B615F8209F6F600096F8C5 /* UserInfoCollectionViewCell.m in Sources */ = {isa = PBXBuildFile; fileRef = 33B615F7209F6F600096F8C5 /* UserInfoCollectionViewCell.m */; };
		33B615FC209F71780096F8C5 /* PlateCollectionViewCell.m in Sources */ = {isa = PBXBuildFile; fileRef = 33B615FA209F71780096F8C5 /* PlateCollectionViewCell.m */; };
		33B615FD209F71780096F8C5 /* PlateCollectionViewCell.xib in Resources */ = {isa = PBXBuildFile; fileRef = 33B615FB209F71780096F8C5 /* PlateCollectionViewCell.xib */; };
		33D6E08E207FE4BA0097DAC4 /* UIView+Helper.m in Sources */ = {isa = PBXBuildFile; fileRef = 33D6E08D207FE4BA0097DAC4 /* UIView+Helper.m */; };
		46ECE700EBB0B139F7BED2E1 /* libPods-TopPlateUITests.a in Frameworks */ = {isa = PBXBuildFile; fileRef = D6022C681FDB19AAE2806250 /* libPods-TopPlateUITests.a */; };
		87B856CEBC75E9E82BD40066 /* libPods-TopPlate.a in Frameworks */ = {isa = PBXBuildFile; fileRef = 5B787FD32EBF82D4951E13FB /* libPods-TopPlate.a */; };
		AD2702293DE244CEDB80E6E7 /* libPods-TopPlateTests.a in Frameworks */ = {isa = PBXBuildFile; fileRef = A82AE3966A28FBD0AB612FA1 /* libPods-TopPlateTests.a */; };
/* End PBXBuildFile section */

/* Begin PBXContainerItemProxy section */
		338A572F207F30D0000FA8BD /* PBXContainerItemProxy */ = {
			isa = PBXContainerItemProxy;
			containerPortal = 338A570E207F30CF000FA8BD /* Project object */;
			proxyType = 1;
			remoteGlobalIDString = 338A5715207F30CF000FA8BD;
			remoteInfo = TopPlate;
		};
		338A573A207F30D0000FA8BD /* PBXContainerItemProxy */ = {
			isa = PBXContainerItemProxy;
			containerPortal = 338A570E207F30CF000FA8BD /* Project object */;
			proxyType = 1;
			remoteGlobalIDString = 338A5715207F30CF000FA8BD;
			remoteInfo = TopPlate;
		};
/* End PBXContainerItemProxy section */

/* Begin PBXFileReference section */
		1A4609747087FCA603B59DD9 /* Pods-TopPlateTests.release.xcconfig */ = {isa = PBXFileReference; includeInIndex = 1; lastKnownFileType = text.xcconfig; name = "Pods-TopPlateTests.release.xcconfig"; path = "Pods/Target Support Files/Pods-TopPlateTests/Pods-TopPlateTests.release.xcconfig"; sourceTree = "<group>"; };
		3300797120A76E0000F4A941 /* TPKeyboardAvoidingScrollView.m */ = {isa = PBXFileReference; fileEncoding = 4; lastKnownFileType = sourcecode.c.objc; path = TPKeyboardAvoidingScrollView.m; sourceTree = "<group>"; };
		3300797220A76E0100F4A941 /* TPKeyboardAvoidingCollectionView.h */ = {isa = PBXFileReference; fileEncoding = 4; lastKnownFileType = sourcecode.c.h; path = TPKeyboardAvoidingCollectionView.h; sourceTree = "<group>"; };
		3300797320A76E0100F4A941 /* TPKeyboardAvoidingScrollView.h */ = {isa = PBXFileReference; fileEncoding = 4; lastKnownFileType = sourcecode.c.h; path = TPKeyboardAvoidingScrollView.h; sourceTree = "<group>"; };
		3300797420A76E0100F4A941 /* TPKeyboardAvoidingTableView.m */ = {isa = PBXFileReference; fileEncoding = 4; lastKnownFileType = sourcecode.c.objc; path = TPKeyboardAvoidingTableView.m; sourceTree = "<group>"; };
		3300797520A76E0100F4A941 /* UIScrollView+TPKeyboardAvoidingAdditions.m */ = {isa = PBXFileReference; fileEncoding = 4; lastKnownFileType = sourcecode.c.objc; path = "UIScrollView+TPKeyboardAvoidingAdditions.m"; sourceTree = "<group>"; };
		3300797620A76E0100F4A941 /* TPKeyboardAvoidingCollectionView.m */ = {isa = PBXFileReference; fileEncoding = 4; lastKnownFileType = sourcecode.c.objc; path = TPKeyboardAvoidingCollectionView.m; sourceTree = "<group>"; };
		3300797720A76E0200F4A941 /* UIScrollView+TPKeyboardAvoidingAdditions.h */ = {isa = PBXFileReference; fileEncoding = 4; lastKnownFileType = sourcecode.c.h; path = "UIScrollView+TPKeyboardAvoidingAdditions.h"; sourceTree = "<group>"; };
		3300797820A76E0200F4A941 /* TPKeyboardAvoidingTableView.h */ = {isa = PBXFileReference; fileEncoding = 4; lastKnownFileType = sourcecode.c.h; path = TPKeyboardAvoidingTableView.h; sourceTree = "<group>"; };
		3300797E20A820EE00F4A941 /* KeyboardState.h */ = {isa = PBXFileReference; lastKnownFileType = sourcecode.c.h; path = KeyboardState.h; sourceTree = "<group>"; };
		3300797F20A820EE00F4A941 /* KeyboardState.m */ = {isa = PBXFileReference; lastKnownFileType = sourcecode.c.objc; path = KeyboardState.m; sourceTree = "<group>"; };
		332D4E612099024700F535E2 /* User.h */ = {isa = PBXFileReference; lastKnownFileType = sourcecode.c.h; path = User.h; sourceTree = "<group>"; };
		332D4E622099024700F535E2 /* User.m */ = {isa = PBXFileReference; lastKnownFileType = sourcecode.c.objc; path = User.m; sourceTree = "<group>"; };
		33504A2D20A49CD500622F2E /* TPButton.h */ = {isa = PBXFileReference; lastKnownFileType = sourcecode.c.h; path = TPButton.h; sourceTree = "<group>"; };
		33504A2E20A49CD500622F2E /* TPButton.m */ = {isa = PBXFileReference; lastKnownFileType = sourcecode.c.objc; path = TPButton.m; sourceTree = "<group>"; };
		33504A3320A4B27900622F2E /* UIColor+Helper.h */ = {isa = PBXFileReference; lastKnownFileType = sourcecode.c.h; path = "UIColor+Helper.h"; sourceTree = "<group>"; };
		33504A3420A4B27900622F2E /* UIColor+Helper.m */ = {isa = PBXFileReference; lastKnownFileType = sourcecode.c.objc; path = "UIColor+Helper.m"; sourceTree = "<group>"; };
		33504A3620A4DB6B00622F2E /* Milkshake.otf */ = {isa = PBXFileReference; lastKnownFileType = file; path = Milkshake.otf; sourceTree = "<group>"; };
		3366C1682083C1F900D710A9 /* APILinks.h */ = {isa = PBXFileReference; lastKnownFileType = sourcecode.c.h; path = APILinks.h; sourceTree = "<group>"; };
		3366C16C2083CA2400D710A9 /* NSString+Helper.h */ = {isa = PBXFileReference; lastKnownFileType = sourcecode.c.h; path = "NSString+Helper.h"; sourceTree = "<group>"; };
		3366C16D2083CA2400D710A9 /* NSString+Helper.m */ = {isa = PBXFileReference; lastKnownFileType = sourcecode.c.objc; path = "NSString+Helper.m"; sourceTree = "<group>"; };
		3366C16F2083E8A200D710A9 /* OtherReceipsCollectionViewCell.h */ = {isa = PBXFileReference; lastKnownFileType = sourcecode.c.h; path = OtherReceipsCollectionViewCell.h; sourceTree = "<group>"; };
		3366C1702083E8A200D710A9 /* OtherReceipsCollectionViewCell.m */ = {isa = PBXFileReference; lastKnownFileType = sourcecode.c.objc; path = OtherReceipsCollectionViewCell.m; sourceTree = "<group>"; };
		3366C1722084B7F500D710A9 /* ChooseEnvironmentViewController.h */ = {isa = PBXFileReference; lastKnownFileType = sourcecode.c.h; path = ChooseEnvironmentViewController.h; sourceTree = "<group>"; };
		3366C1732084B7F500D710A9 /* ChooseEnvironmentViewController.m */ = {isa = PBXFileReference; lastKnownFileType = sourcecode.c.objc; path = ChooseEnvironmentViewController.m; sourceTree = "<group>"; };
		3366C1752085EFD700D710A9 /* EnvironmentsModel.h */ = {isa = PBXFileReference; lastKnownFileType = sourcecode.c.h; path = EnvironmentsModel.h; sourceTree = "<group>"; };
		3366C1762085EFD700D710A9 /* EnvironmentsModel.m */ = {isa = PBXFileReference; lastKnownFileType = sourcecode.c.objc; path = EnvironmentsModel.m; sourceTree = "<group>"; };
		3366C1782086224A00D710A9 /* UserDefaultsManager.h */ = {isa = PBXFileReference; lastKnownFileType = sourcecode.c.h; path = UserDefaultsManager.h; sourceTree = "<group>"; };
		3366C1792086224A00D710A9 /* UserDefaultsManager.m */ = {isa = PBXFileReference; lastKnownFileType = sourcecode.c.objc; path = UserDefaultsManager.m; sourceTree = "<group>"; };
		3366C17B20862D6300D710A9 /* EnvironmentButton.h */ = {isa = PBXFileReference; lastKnownFileType = sourcecode.c.h; path = EnvironmentButton.h; sourceTree = "<group>"; };
		3366C17C20862D6300D710A9 /* EnvironmentButton.m */ = {isa = PBXFileReference; lastKnownFileType = sourcecode.c.objc; path = EnvironmentButton.m; sourceTree = "<group>"; };
		3366C17F20863CD500D710A9 /* Oswald-Light.ttf */ = {isa = PBXFileReference; lastKnownFileType = file; path = "Oswald-Light.ttf"; sourceTree = "<group>"; };
		3366C18420867B0400D710A9 /* Helper.h */ = {isa = PBXFileReference; lastKnownFileType = sourcecode.c.h; path = Helper.h; sourceTree = "<group>"; };
		3366C18520867B0400D710A9 /* Helper.m */ = {isa = PBXFileReference; lastKnownFileType = sourcecode.c.objc; path = Helper.m; sourceTree = "<group>"; };
		3366C1872086829200D710A9 /* MacrosHelper.h */ = {isa = PBXFileReference; lastKnownFileType = sourcecode.c.h; path = MacrosHelper.h; sourceTree = "<group>"; };
		3366C1882086829200D710A9 /* MacrosHelper.m */ = {isa = PBXFileReference; lastKnownFileType = sourcecode.c.objc; path = MacrosHelper.m; sourceTree = "<group>"; };
		3366C18A20889C1800D710A9 /* AuthorModel.h */ = {isa = PBXFileReference; lastKnownFileType = sourcecode.c.h; path = AuthorModel.h; sourceTree = "<group>"; };
		3366C18B20889C1800D710A9 /* AuthorModel.m */ = {isa = PBXFileReference; lastKnownFileType = sourcecode.c.objc; path = AuthorModel.m; sourceTree = "<group>"; };
		3366C18D208B719900D710A9 /* CharityTableViewCell.h */ = {isa = PBXFileReference; lastKnownFileType = sourcecode.c.h; path = CharityTableViewCell.h; sourceTree = "<group>"; };
		3366C18E208B719900D710A9 /* CharityTableViewCell.m */ = {isa = PBXFileReference; lastKnownFileType = sourcecode.c.objc; path = CharityTableViewCell.m; sourceTree = "<group>"; };
		338A5716207F30CF000FA8BD /* TopPlate.app */ = {isa = PBXFileReference; explicitFileType = wrapper.application; includeInIndex = 0; path = TopPlate.app; sourceTree = BUILT_PRODUCTS_DIR; };
		338A5719207F30CF000FA8BD /* AppDelegate.h */ = {isa = PBXFileReference; lastKnownFileType = sourcecode.c.h; path = AppDelegate.h; sourceTree = "<group>"; };
		338A571A207F30CF000FA8BD /* AppDelegate.m */ = {isa = PBXFileReference; lastKnownFileType = sourcecode.c.objc; path = AppDelegate.m; sourceTree = "<group>"; };
		338A5722207F30D0000FA8BD /* Assets.xcassets */ = {isa = PBXFileReference; lastKnownFileType = folder.assetcatalog; path = Assets.xcassets; sourceTree = "<group>"; };
		338A5725207F30D0000FA8BD /* Base */ = {isa = PBXFileReference; lastKnownFileType = file.storyboard; name = Base; path = Base.lproj/LaunchScreen.storyboard; sourceTree = "<group>"; };
		338A5727207F30D0000FA8BD /* Info.plist */ = {isa = PBXFileReference; lastKnownFileType = text.plist.xml; path = Info.plist; sourceTree = "<group>"; };
		338A5728207F30D0000FA8BD /* main.m */ = {isa = PBXFileReference; lastKnownFileType = sourcecode.c.objc; path = main.m; sourceTree = "<group>"; };
		338A572E207F30D0000FA8BD /* TopPlateTests.xctest */ = {isa = PBXFileReference; explicitFileType = wrapper.cfbundle; includeInIndex = 0; path = TopPlateTests.xctest; sourceTree = BUILT_PRODUCTS_DIR; };
		338A5732207F30D0000FA8BD /* TopPlateTests.m */ = {isa = PBXFileReference; lastKnownFileType = sourcecode.c.objc; path = TopPlateTests.m; sourceTree = "<group>"; };
		338A5734207F30D0000FA8BD /* Info.plist */ = {isa = PBXFileReference; lastKnownFileType = text.plist.xml; path = Info.plist; sourceTree = "<group>"; };
		338A5739207F30D0000FA8BD /* TopPlateUITests.xctest */ = {isa = PBXFileReference; explicitFileType = wrapper.cfbundle; includeInIndex = 0; path = TopPlateUITests.xctest; sourceTree = BUILT_PRODUCTS_DIR; };
		338A573D207F30D0000FA8BD /* TopPlateUITests.m */ = {isa = PBXFileReference; lastKnownFileType = sourcecode.c.objc; path = TopPlateUITests.m; sourceTree = "<group>"; };
		338A573F207F30D0000FA8BD /* Info.plist */ = {isa = PBXFileReference; lastKnownFileType = text.plist.xml; path = Info.plist; sourceTree = "<group>"; };
		338A574B207F3480000FA8BD /* WelcomeViewController.h */ = {isa = PBXFileReference; lastKnownFileType = sourcecode.c.h; path = WelcomeViewController.h; sourceTree = "<group>"; };
		338A574C207F3480000FA8BD /* WelcomeViewController.m */ = {isa = PBXFileReference; lastKnownFileType = sourcecode.c.objc; path = WelcomeViewController.m; sourceTree = "<group>"; };
		338A5750207F34C4000FA8BD /* SignInViewController.h */ = {isa = PBXFileReference; lastKnownFileType = sourcecode.c.h; path = SignInViewController.h; sourceTree = "<group>"; };
		338A5751207F34C4000FA8BD /* SignInViewController.m */ = {isa = PBXFileReference; lastKnownFileType = sourcecode.c.objc; path = SignInViewController.m; sourceTree = "<group>"; };
		338A5753207F34CE000FA8BD /* SignUpViewController.h */ = {isa = PBXFileReference; lastKnownFileType = sourcecode.c.h; path = SignUpViewController.h; sourceTree = "<group>"; };
		338A5754207F34CE000FA8BD /* SignUpViewController.m */ = {isa = PBXFileReference; lastKnownFileType = sourcecode.c.objc; path = SignUpViewController.m; sourceTree = "<group>"; };
		338A5756207F34D8000FA8BD /* ForgotPasswordViewController.h */ = {isa = PBXFileReference; lastKnownFileType = sourcecode.c.h; path = ForgotPasswordViewController.h; sourceTree = "<group>"; };
		338A5757207F34D8000FA8BD /* ForgotPasswordViewController.m */ = {isa = PBXFileReference; lastKnownFileType = sourcecode.c.objc; path = ForgotPasswordViewController.m; sourceTree = "<group>"; };
		338A5759207F34FF000FA8BD /* PlatesViewController.h */ = {isa = PBXFileReference; lastKnownFileType = sourcecode.c.h; path = PlatesViewController.h; sourceTree = "<group>"; };
		338A575A207F34FF000FA8BD /* PlatesViewController.m */ = {isa = PBXFileReference; lastKnownFileType = sourcecode.c.objc; path = PlatesViewController.m; sourceTree = "<group>"; };
		338A575D207F3517000FA8BD /* PlateInfoViewController.h */ = {isa = PBXFileReference; lastKnownFileType = sourcecode.c.h; path = PlateInfoViewController.h; sourceTree = "<group>"; };
		338A575E207F3517000FA8BD /* PlateInfoViewController.m */ = {isa = PBXFileReference; lastKnownFileType = sourcecode.c.objc; path = PlateInfoViewController.m; sourceTree = "<group>"; };
		338A5760207F3520000FA8BD /* UploadPlateViewController.h */ = {isa = PBXFileReference; lastKnownFileType = sourcecode.c.h; path = UploadPlateViewController.h; sourceTree = "<group>"; };
		338A5761207F3520000FA8BD /* UploadPlateViewController.m */ = {isa = PBXFileReference; lastKnownFileType = sourcecode.c.objc; path = UploadPlateViewController.m; sourceTree = "<group>"; };
		338A5763207F3530000FA8BD /* SearchViewController.h */ = {isa = PBXFileReference; lastKnownFileType = sourcecode.c.h; path = SearchViewController.h; sourceTree = "<group>"; };
		338A5764207F3530000FA8BD /* SearchViewController.m */ = {isa = PBXFileReference; lastKnownFileType = sourcecode.c.objc; path = SearchViewController.m; sourceTree = "<group>"; };
		338A5766207F353E000FA8BD /* WinnersViewController.h */ = {isa = PBXFileReference; lastKnownFileType = sourcecode.c.h; path = WinnersViewController.h; sourceTree = "<group>"; };
		338A5767207F353E000FA8BD /* WinnersViewController.m */ = {isa = PBXFileReference; lastKnownFileType = sourcecode.c.objc; path = WinnersViewController.m; sourceTree = "<group>"; };
		338A5769207F356F000FA8BD /* ProfileViewController.h */ = {isa = PBXFileReference; lastKnownFileType = sourcecode.c.h; path = ProfileViewController.h; sourceTree = "<group>"; };
		338A576A207F356F000FA8BD /* ProfileViewController.m */ = {isa = PBXFileReference; lastKnownFileType = sourcecode.c.objc; path = ProfileViewController.m; sourceTree = "<group>"; };
		338A576E207F35A9000FA8BD /* Login.storyboard */ = {isa = PBXFileReference; lastKnownFileType = file.storyboard; path = Login.storyboard; sourceTree = "<group>"; };
		338A5770207F35BB000FA8BD /* Plates.storyboard */ = {isa = PBXFileReference; lastKnownFileType = file.storyboard; path = Plates.storyboard; sourceTree = "<group>"; };
		338A5775207F35D3000FA8BD /* Search.storyboard */ = {isa = PBXFileReference; lastKnownFileType = file.storyboard; path = Search.storyboard; sourceTree = "<group>"; };
		338A5777207F35EE000FA8BD /* Winners.storyboard */ = {isa = PBXFileReference; lastKnownFileType = file.storyboard; path = Winners.storyboard; sourceTree = "<group>"; };
		338A5779207F35F5000FA8BD /* Profile.storyboard */ = {isa = PBXFileReference; lastKnownFileType = file.storyboard; path = Profile.storyboard; sourceTree = "<group>"; };
		338A577E207F3630000FA8BD /* LoginModel.h */ = {isa = PBXFileReference; lastKnownFileType = sourcecode.c.h; path = LoginModel.h; sourceTree = "<group>"; };
		338A577F207F3630000FA8BD /* LoginModel.m */ = {isa = PBXFileReference; lastKnownFileType = sourcecode.c.objc; path = LoginModel.m; sourceTree = "<group>"; };
		338A5782207F364A000FA8BD /* PlateModel.h */ = {isa = PBXFileReference; lastKnownFileType = sourcecode.c.h; path = PlateModel.h; sourceTree = "<group>"; };
		338A5783207F364A000FA8BD /* PlateModel.m */ = {isa = PBXFileReference; lastKnownFileType = sourcecode.c.objc; path = PlateModel.m; sourceTree = "<group>"; };
		338A5785207F3660000FA8BD /* SocialLoginModel.h */ = {isa = PBXFileReference; lastKnownFileType = sourcecode.c.h; path = SocialLoginModel.h; sourceTree = "<group>"; };
		338A5786207F3660000FA8BD /* SocialLoginModel.m */ = {isa = PBXFileReference; lastKnownFileType = sourcecode.c.objc; path = SocialLoginModel.m; sourceTree = "<group>"; };
		338A5788207F3670000FA8BD /* LoginModelHelper.h */ = {isa = PBXFileReference; lastKnownFileType = sourcecode.c.h; path = LoginModelHelper.h; sourceTree = "<group>"; };
		338A5789207F3670000FA8BD /* LoginModelHelper.m */ = {isa = PBXFileReference; lastKnownFileType = sourcecode.c.objc; path = LoginModelHelper.m; sourceTree = "<group>"; };
		338A578C207F3687000FA8BD /* SocialLoginModelHelper.h */ = {isa = PBXFileReference; lastKnownFileType = sourcecode.c.h; path = SocialLoginModelHelper.h; sourceTree = "<group>"; };
		338A578D207F3687000FA8BD /* SocialLoginModelHelper.m */ = {isa = PBXFileReference; lastKnownFileType = sourcecode.c.objc; path = SocialLoginModelHelper.m; sourceTree = "<group>"; };
		338A578F207F3693000FA8BD /* PlateModelHelper.h */ = {isa = PBXFileReference; lastKnownFileType = sourcecode.c.h; path = PlateModelHelper.h; sourceTree = "<group>"; };
		338A5790207F3693000FA8BD /* PlateModelHelper.m */ = {isa = PBXFileReference; lastKnownFileType = sourcecode.c.objc; path = PlateModelHelper.m; sourceTree = "<group>"; };
		338A5792207F36D5000FA8BD /* CustomTabBar.storyboard */ = {isa = PBXFileReference; lastKnownFileType = file.storyboard; path = CustomTabBar.storyboard; sourceTree = "<group>"; };
		338A5794207F3746000FA8BD /* CustomTabBarViewController.h */ = {isa = PBXFileReference; lastKnownFileType = sourcecode.c.h; path = CustomTabBarViewController.h; sourceTree = "<group>"; };
		338A5795207F3746000FA8BD /* CustomTabBarViewController.m */ = {isa = PBXFileReference; lastKnownFileType = sourcecode.c.objc; path = CustomTabBarViewController.m; sourceTree = "<group>"; };
		338A5797207F37E7000FA8BD /* UploadPlate.storyboard */ = {isa = PBXFileReference; lastKnownFileType = file.storyboard; path = UploadPlate.storyboard; sourceTree = "<group>"; };
		338A5799207F55C6000FA8BD /* PlatesTableViewCell.h */ = {isa = PBXFileReference; lastKnownFileType = sourcecode.c.h; path = PlatesTableViewCell.h; sourceTree = "<group>"; };
		338A579A207F55C6000FA8BD /* PlatesTableViewCell.m */ = {isa = PBXFileReference; lastKnownFileType = sourcecode.c.objc; path = PlatesTableViewCell.m; sourceTree = "<group>"; };
		338A57A1207F5677000FA8BD /* PlateImageTableViewCell.h */ = {isa = PBXFileReference; lastKnownFileType = sourcecode.c.h; path = PlateImageTableViewCell.h; sourceTree = "<group>"; };
		338A57A2207F5677000FA8BD /* PlateImageTableViewCell.m */ = {isa = PBXFileReference; lastKnownFileType = sourcecode.c.objc; path = PlateImageTableViewCell.m; sourceTree = "<group>"; };
		338A57A4207F569D000FA8BD /* PlateNameTableViewCell.h */ = {isa = PBXFileReference; lastKnownFileType = sourcecode.c.h; path = PlateNameTableViewCell.h; sourceTree = "<group>"; };
		338A57A5207F569D000FA8BD /* PlateNameTableViewCell.m */ = {isa = PBXFileReference; lastKnownFileType = sourcecode.c.objc; path = PlateNameTableViewCell.m; sourceTree = "<group>"; };
		338A57A7207F56A9000FA8BD /* PlateAuthorInfoTableViewCell.h */ = {isa = PBXFileReference; lastKnownFileType = sourcecode.c.h; path = PlateAuthorInfoTableViewCell.h; sourceTree = "<group>"; };
		338A57A8207F56A9000FA8BD /* PlateAuthorInfoTableViewCell.m */ = {isa = PBXFileReference; lastKnownFileType = sourcecode.c.objc; path = PlateAuthorInfoTableViewCell.m; sourceTree = "<group>"; };
		338A57AA207F5EF2000FA8BD /* PlateIngredientTableViewCell.h */ = {isa = PBXFileReference; lastKnownFileType = sourcecode.c.h; path = PlateIngredientTableViewCell.h; sourceTree = "<group>"; };
		338A57AB207F5EF2000FA8BD /* PlateIngredientTableViewCell.m */ = {isa = PBXFileReference; lastKnownFileType = sourcecode.c.objc; path = PlateIngredientTableViewCell.m; sourceTree = "<group>"; };
		338A57AD207F5F02000FA8BD /* PlateSocialShareTableViewCell.h */ = {isa = PBXFileReference; lastKnownFileType = sourcecode.c.h; path = PlateSocialShareTableViewCell.h; sourceTree = "<group>"; };
		338A57AE207F5F02000FA8BD /* PlateSocialShareTableViewCell.m */ = {isa = PBXFileReference; lastKnownFileType = sourcecode.c.objc; path = PlateSocialShareTableViewCell.m; sourceTree = "<group>"; };
		338A57B0207F5F11000FA8BD /* PlateOtherReceiptsTableViewCell.h */ = {isa = PBXFileReference; lastKnownFileType = sourcecode.c.h; path = PlateOtherReceiptsTableViewCell.h; sourceTree = "<group>"; };
		338A57B1207F5F11000FA8BD /* PlateOtherReceiptsTableViewCell.m */ = {isa = PBXFileReference; lastKnownFileType = sourcecode.c.objc; path = PlateOtherReceiptsTableViewCell.m; sourceTree = "<group>"; };
		338A57B3207F6432000FA8BD /* UIViewController+BackgroundImage.h */ = {isa = PBXFileReference; lastKnownFileType = sourcecode.c.h; path = "UIViewController+BackgroundImage.h"; sourceTree = "<group>"; };
		338A57B4207F6432000FA8BD /* UIViewController+BackgroundImage.m */ = {isa = PBXFileReference; lastKnownFileType = sourcecode.c.objc; path = "UIViewController+BackgroundImage.m"; sourceTree = "<group>"; };
		338A57B7207F7641000FA8BD /* TopPlatePrefixHeader.pch */ = {isa = PBXFileReference; lastKnownFileType = sourcecode.c.h; path = TopPlatePrefixHeader.pch; sourceTree = "<group>"; };
		338A57B8207FB042000FA8BD /* NetworkManager.h */ = {isa = PBXFileReference; lastKnownFileType = sourcecode.c.h; path = NetworkManager.h; sourceTree = "<group>"; };
		338A57B9207FB042000FA8BD /* NetworkManager.m */ = {isa = PBXFileReference; lastKnownFileType = sourcecode.c.objc; path = NetworkManager.m; sourceTree = "<group>"; };
		338A57BD207FB700000FA8BD /* NSObject+MTLComparisonAdditions.h */ = {isa = PBXFileReference; fileEncoding = 4; lastKnownFileType = sourcecode.c.h; path = "NSObject+MTLComparisonAdditions.h"; sourceTree = "<group>"; };
		338A57BE207FB700000FA8BD /* MTLValueTransformer.h */ = {isa = PBXFileReference; fileEncoding = 4; lastKnownFileType = sourcecode.c.h; path = MTLValueTransformer.h; sourceTree = "<group>"; };
		338A57BF207FB700000FA8BD /* NSValueTransformer+MTLPredefinedTransformerAdditions.m */ = {isa = PBXFileReference; fileEncoding = 4; lastKnownFileType = sourcecode.c.objc; path = "NSValueTransformer+MTLPredefinedTransformerAdditions.m"; sourceTree = "<group>"; };
		338A57C0207FB700000FA8BD /* NSError+MTLModelException.m */ = {isa = PBXFileReference; fileEncoding = 4; lastKnownFileType = sourcecode.c.objc; path = "NSError+MTLModelException.m"; sourceTree = "<group>"; };
		338A57C1207FB700000FA8BD /* NSDictionary+MTLJSONKeyPath.h */ = {isa = PBXFileReference; fileEncoding = 4; lastKnownFileType = sourcecode.c.h; path = "NSDictionary+MTLJSONKeyPath.h"; sourceTree = "<group>"; };
		338A57C3207FB700000FA8BD /* EXTRuntimeExtensions.h */ = {isa = PBXFileReference; fileEncoding = 4; lastKnownFileType = sourcecode.c.h; path = EXTRuntimeExtensions.h; sourceTree = "<group>"; };
		338A57C4207FB700000FA8BD /* metamacros.h */ = {isa = PBXFileReference; fileEncoding = 4; lastKnownFileType = sourcecode.c.h; path = metamacros.h; sourceTree = "<group>"; };
		338A57C5207FB700000FA8BD /* EXTScope.m */ = {isa = PBXFileReference; fileEncoding = 4; lastKnownFileType = sourcecode.c.objc; path = EXTScope.m; sourceTree = "<group>"; };
		338A57C6207FB700000FA8BD /* EXTRuntimeExtensions.m */ = {isa = PBXFileReference; fileEncoding = 4; lastKnownFileType = sourcecode.c.objc; path = EXTRuntimeExtensions.m; sourceTree = "<group>"; };
		338A57C7207FB700000FA8BD /* EXTScope.h */ = {isa = PBXFileReference; fileEncoding = 4; lastKnownFileType = sourcecode.c.h; path = EXTScope.h; sourceTree = "<group>"; };
		338A57C8207FB700000FA8BD /* EXTKeyPathCoding.h */ = {isa = PBXFileReference; fileEncoding = 4; lastKnownFileType = sourcecode.c.h; path = EXTKeyPathCoding.h; sourceTree = "<group>"; };
		338A57C9207FB700000FA8BD /* MTLJSONAdapter.m */ = {isa = PBXFileReference; fileEncoding = 4; lastKnownFileType = sourcecode.c.objc; path = MTLJSONAdapter.m; sourceTree = "<group>"; };
		338A57CA207FB700000FA8BD /* MTLModel+NSCoding.m */ = {isa = PBXFileReference; fileEncoding = 4; lastKnownFileType = sourcecode.c.objc; path = "MTLModel+NSCoding.m"; sourceTree = "<group>"; };
		338A57CB207FB700000FA8BD /* MTLTransformerErrorHandling.h */ = {isa = PBXFileReference; fileEncoding = 4; lastKnownFileType = sourcecode.c.h; path = MTLTransformerErrorHandling.h; sourceTree = "<group>"; };
		338A57CC207FB700000FA8BD /* NSValueTransformer+MTLInversionAdditions.h */ = {isa = PBXFileReference; fileEncoding = 4; lastKnownFileType = sourcecode.c.h; path = "NSValueTransformer+MTLInversionAdditions.h"; sourceTree = "<group>"; };
		338A57CD207FB700000FA8BD /* NSDictionary+MTLManipulationAdditions.h */ = {isa = PBXFileReference; fileEncoding = 4; lastKnownFileType = sourcecode.c.h; path = "NSDictionary+MTLManipulationAdditions.h"; sourceTree = "<group>"; };
		338A57CE207FB700000FA8BD /* NSArray+MTLManipulationAdditions.m */ = {isa = PBXFileReference; fileEncoding = 4; lastKnownFileType = sourcecode.c.objc; path = "NSArray+MTLManipulationAdditions.m"; sourceTree = "<group>"; };
		338A57CF207FB700000FA8BD /* MTLModel.m */ = {isa = PBXFileReference; fileEncoding = 4; lastKnownFileType = sourcecode.c.objc; path = MTLModel.m; sourceTree = "<group>"; };
		338A57D0207FB700000FA8BD /* NSDictionary+MTLMappingAdditions.m */ = {isa = PBXFileReference; fileEncoding = 4; lastKnownFileType = sourcecode.c.objc; path = "NSDictionary+MTLMappingAdditions.m"; sourceTree = "<group>"; };
		338A57D1207FB700000FA8BD /* MTLReflection.h */ = {isa = PBXFileReference; fileEncoding = 4; lastKnownFileType = sourcecode.c.h; path = MTLReflection.h; sourceTree = "<group>"; };
		338A57D2207FB700000FA8BD /* Mantle.h */ = {isa = PBXFileReference; fileEncoding = 4; lastKnownFileType = sourcecode.c.h; path = Mantle.h; sourceTree = "<group>"; };
		338A57D3207FB700000FA8BD /* NSError+MTLModelException.h */ = {isa = PBXFileReference; fileEncoding = 4; lastKnownFileType = sourcecode.c.h; path = "NSError+MTLModelException.h"; sourceTree = "<group>"; };
		338A57D4207FB700000FA8BD /* NSValueTransformer+MTLPredefinedTransformerAdditions.h */ = {isa = PBXFileReference; fileEncoding = 4; lastKnownFileType = sourcecode.c.h; path = "NSValueTransformer+MTLPredefinedTransformerAdditions.h"; sourceTree = "<group>"; };
		338A57D5207FB700000FA8BD /* MTLValueTransformer.m */ = {isa = PBXFileReference; fileEncoding = 4; lastKnownFileType = sourcecode.c.objc; path = MTLValueTransformer.m; sourceTree = "<group>"; };
		338A57D6207FB700000FA8BD /* NSObject+MTLComparisonAdditions.m */ = {isa = PBXFileReference; fileEncoding = 4; lastKnownFileType = sourcecode.c.objc; path = "NSObject+MTLComparisonAdditions.m"; sourceTree = "<group>"; };
		338A57D7207FB700000FA8BD /* MTLJSONAdapter.h */ = {isa = PBXFileReference; fileEncoding = 4; lastKnownFileType = sourcecode.c.h; path = MTLJSONAdapter.h; sourceTree = "<group>"; };
		338A57D8207FB700000FA8BD /* NSDictionary+MTLJSONKeyPath.m */ = {isa = PBXFileReference; fileEncoding = 4; lastKnownFileType = sourcecode.c.objc; path = "NSDictionary+MTLJSONKeyPath.m"; sourceTree = "<group>"; };
		338A57D9207FB700000FA8BD /* NSValueTransformer+MTLInversionAdditions.m */ = {isa = PBXFileReference; fileEncoding = 4; lastKnownFileType = sourcecode.c.objc; path = "NSValueTransformer+MTLInversionAdditions.m"; sourceTree = "<group>"; };
		338A57DA207FB700000FA8BD /* MTLTransformerErrorHandling.m */ = {isa = PBXFileReference; fileEncoding = 4; lastKnownFileType = sourcecode.c.objc; path = MTLTransformerErrorHandling.m; sourceTree = "<group>"; };
		338A57DB207FB700000FA8BD /* MTLModel+NSCoding.h */ = {isa = PBXFileReference; fileEncoding = 4; lastKnownFileType = sourcecode.c.h; path = "MTLModel+NSCoding.h"; sourceTree = "<group>"; };
		338A57DC207FB700000FA8BD /* Info.plist */ = {isa = PBXFileReference; fileEncoding = 4; lastKnownFileType = text.plist.xml; path = Info.plist; sourceTree = "<group>"; };
		338A57DD207FB700000FA8BD /* MTLReflection.m */ = {isa = PBXFileReference; fileEncoding = 4; lastKnownFileType = sourcecode.c.objc; path = MTLReflection.m; sourceTree = "<group>"; };
		338A57DE207FB700000FA8BD /* MTLModel.h */ = {isa = PBXFileReference; fileEncoding = 4; lastKnownFileType = sourcecode.c.h; path = MTLModel.h; sourceTree = "<group>"; };
		338A57DF207FB700000FA8BD /* NSDictionary+MTLMappingAdditions.h */ = {isa = PBXFileReference; fileEncoding = 4; lastKnownFileType = sourcecode.c.h; path = "NSDictionary+MTLMappingAdditions.h"; sourceTree = "<group>"; };
		338A57E0207FB700000FA8BD /* NSArray+MTLManipulationAdditions.h */ = {isa = PBXFileReference; fileEncoding = 4; lastKnownFileType = sourcecode.c.h; path = "NSArray+MTLManipulationAdditions.h"; sourceTree = "<group>"; };
		338A57E1207FB700000FA8BD /* NSDictionary+MTLManipulationAdditions.m */ = {isa = PBXFileReference; fileEncoding = 4; lastKnownFileType = sourcecode.c.objc; path = "NSDictionary+MTLManipulationAdditions.m"; sourceTree = "<group>"; };
		338A57F4207FBD8E000FA8BD /* ModelsManager.h */ = {isa = PBXFileReference; lastKnownFileType = sourcecode.c.h; path = ModelsManager.h; sourceTree = "<group>"; };
		338A57F5207FBD8E000FA8BD /* ModelsManager.m */ = {isa = PBXFileReference; lastKnownFileType = sourcecode.c.objc; path = ModelsManager.m; sourceTree = "<group>"; };
		33A7AC162096459700C397AB /* IngredientTableViewCell.h */ = {isa = PBXFileReference; lastKnownFileType = sourcecode.c.h; path = IngredientTableViewCell.h; sourceTree = "<group>"; };
		33A7AC172096459700C397AB /* IngredientTableViewCell.m */ = {isa = PBXFileReference; lastKnownFileType = sourcecode.c.objc; path = IngredientTableViewCell.m; sourceTree = "<group>"; };
		33A7AC1A20964C6000C397AB /* TPTextField.h */ = {isa = PBXFileReference; lastKnownFileType = sourcecode.c.h; path = TPTextField.h; sourceTree = "<group>"; };
		33A7AC1B20964C6000C397AB /* TPTextField.m */ = {isa = PBXFileReference; lastKnownFileType = sourcecode.c.objc; path = TPTextField.m; sourceTree = "<group>"; };
		33A7AC1D2096649A00C397AB /* TPTextView.h */ = {isa = PBXFileReference; lastKnownFileType = sourcecode.c.h; path = TPTextView.h; sourceTree = "<group>"; };
		33A7AC1E2096649A00C397AB /* TPTextView.m */ = {isa = PBXFileReference; lastKnownFileType = sourcecode.c.objc; path = TPTextView.m; sourceTree = "<group>"; };
		33A7AC2120970AEA00C397AB /* JSImagePickerViewController.h */ = {isa = PBXFileReference; fileEncoding = 4; lastKnownFileType = sourcecode.c.h; path = JSImagePickerViewController.h; sourceTree = "<group>"; };
		33A7AC2220970AEA00C397AB /* JSImagePickerViewController.m */ = {isa = PBXFileReference; fileEncoding = 4; lastKnownFileType = sourcecode.c.objc; path = JSImagePickerViewController.m; sourceTree = "<group>"; };
		33B615F3209EFDD10096F8C5 /* AuthorModelHelper.h */ = {isa = PBXFileReference; lastKnownFileType = sourcecode.c.h; path = AuthorModelHelper.h; sourceTree = "<group>"; };
		33B615F4209EFDD10096F8C5 /* AuthorModelHelper.m */ = {isa = PBXFileReference; lastKnownFileType = sourcecode.c.objc; path = AuthorModelHelper.m; sourceTree = "<group>"; };
		33B615F6209F6F600096F8C5 /* UserInfoCollectionViewCell.h */ = {isa = PBXFileReference; lastKnownFileType = sourcecode.c.h; path = UserInfoCollectionViewCell.h; sourceTree = "<group>"; };
		33B615F7209F6F600096F8C5 /* UserInfoCollectionViewCell.m */ = {isa = PBXFileReference; lastKnownFileType = sourcecode.c.objc; path = UserInfoCollectionViewCell.m; sourceTree = "<group>"; };
		33B615F9209F71780096F8C5 /* PlateCollectionViewCell.h */ = {isa = PBXFileReference; lastKnownFileType = sourcecode.c.h; path = PlateCollectionViewCell.h; sourceTree = "<group>"; };
		33B615FA209F71780096F8C5 /* PlateCollectionViewCell.m */ = {isa = PBXFileReference; lastKnownFileType = sourcecode.c.objc; path = PlateCollectionViewCell.m; sourceTree = "<group>"; };
		33B615FB209F71780096F8C5 /* PlateCollectionViewCell.xib */ = {isa = PBXFileReference; lastKnownFileType = file.xib; path = PlateCollectionViewCell.xib; sourceTree = "<group>"; };
		33D6E08C207FE4BA0097DAC4 /* UIView+Helper.h */ = {isa = PBXFileReference; lastKnownFileType = sourcecode.c.h; path = "UIView+Helper.h"; sourceTree = "<group>"; };
		33D6E08D207FE4BA0097DAC4 /* UIView+Helper.m */ = {isa = PBXFileReference; lastKnownFileType = sourcecode.c.objc; path = "UIView+Helper.m"; sourceTree = "<group>"; };
		3424ED214A665742F032A388 /* Pods-TopPlate.release.xcconfig */ = {isa = PBXFileReference; includeInIndex = 1; lastKnownFileType = text.xcconfig; name = "Pods-TopPlate.release.xcconfig"; path = "Pods/Target Support Files/Pods-TopPlate/Pods-TopPlate.release.xcconfig"; sourceTree = "<group>"; };
		4F1F36E6F593A0BC19AA897D /* Pods-TopPlateTests.debug.xcconfig */ = {isa = PBXFileReference; includeInIndex = 1; lastKnownFileType = text.xcconfig; name = "Pods-TopPlateTests.debug.xcconfig"; path = "Pods/Target Support Files/Pods-TopPlateTests/Pods-TopPlateTests.debug.xcconfig"; sourceTree = "<group>"; };
		5B787FD32EBF82D4951E13FB /* libPods-TopPlate.a */ = {isa = PBXFileReference; explicitFileType = archive.ar; includeInIndex = 0; path = "libPods-TopPlate.a"; sourceTree = BUILT_PRODUCTS_DIR; };
		5FE004DD3E5932D110229BE7 /* Pods-TopPlateUITests.debug.xcconfig */ = {isa = PBXFileReference; includeInIndex = 1; lastKnownFileType = text.xcconfig; name = "Pods-TopPlateUITests.debug.xcconfig"; path = "Pods/Target Support Files/Pods-TopPlateUITests/Pods-TopPlateUITests.debug.xcconfig"; sourceTree = "<group>"; };
		9291A17FFBFE647BC95D6918 /* Pods-TopPlate.debug.xcconfig */ = {isa = PBXFileReference; includeInIndex = 1; lastKnownFileType = text.xcconfig; name = "Pods-TopPlate.debug.xcconfig"; path = "Pods/Target Support Files/Pods-TopPlate/Pods-TopPlate.debug.xcconfig"; sourceTree = "<group>"; };
		9706F136D5769B3005863191 /* Pods-TopPlateUITests.release.xcconfig */ = {isa = PBXFileReference; includeInIndex = 1; lastKnownFileType = text.xcconfig; name = "Pods-TopPlateUITests.release.xcconfig"; path = "Pods/Target Support Files/Pods-TopPlateUITests/Pods-TopPlateUITests.release.xcconfig"; sourceTree = "<group>"; };
		A82AE3966A28FBD0AB612FA1 /* libPods-TopPlateTests.a */ = {isa = PBXFileReference; explicitFileType = archive.ar; includeInIndex = 0; path = "libPods-TopPlateTests.a"; sourceTree = BUILT_PRODUCTS_DIR; };
		D6022C681FDB19AAE2806250 /* libPods-TopPlateUITests.a */ = {isa = PBXFileReference; explicitFileType = archive.ar; includeInIndex = 0; path = "libPods-TopPlateUITests.a"; sourceTree = BUILT_PRODUCTS_DIR; };
/* End PBXFileReference section */

/* Begin PBXFrameworksBuildPhase section */
		338A5713207F30CF000FA8BD /* Frameworks */ = {
			isa = PBXFrameworksBuildPhase;
			buildActionMask = 2147483647;
			files = (
				87B856CEBC75E9E82BD40066 /* libPods-TopPlate.a in Frameworks */,
			);
			runOnlyForDeploymentPostprocessing = 0;
		};
		338A572B207F30D0000FA8BD /* Frameworks */ = {
			isa = PBXFrameworksBuildPhase;
			buildActionMask = 2147483647;
			files = (
				AD2702293DE244CEDB80E6E7 /* libPods-TopPlateTests.a in Frameworks */,
			);
			runOnlyForDeploymentPostprocessing = 0;
		};
		338A5736207F30D0000FA8BD /* Frameworks */ = {
			isa = PBXFrameworksBuildPhase;
			buildActionMask = 2147483647;
			files = (
				46ECE700EBB0B139F7BED2E1 /* libPods-TopPlateUITests.a in Frameworks */,
			);
			runOnlyForDeploymentPostprocessing = 0;
		};
/* End PBXFrameworksBuildPhase section */

/* Begin PBXGroup section */
		3366C17E20862D7F00D710A9 /* Custom elements */ = {
			isa = PBXGroup;
			children = (
				3366C17B20862D6300D710A9 /* EnvironmentButton.h */,
				3366C17C20862D6300D710A9 /* EnvironmentButton.m */,
				33504A2D20A49CD500622F2E /* TPButton.h */,
				33504A2E20A49CD500622F2E /* TPButton.m */,
				33A7AC1A20964C6000C397AB /* TPTextField.h */,
				33A7AC1B20964C6000C397AB /* TPTextField.m */,
				33A7AC1D2096649A00C397AB /* TPTextView.h */,
				33A7AC1E2096649A00C397AB /* TPTextView.m */,
			);
			path = "Custom elements";
			sourceTree = "<group>";
		};
		338A570D207F30CF000FA8BD = {
			isa = PBXGroup;
			children = (
				338A5718207F30CF000FA8BD /* TopPlate */,
				338A5731207F30D0000FA8BD /* TopPlateTests */,
				338A573C207F30D0000FA8BD /* TopPlateUITests */,
				338A5717207F30CF000FA8BD /* Products */,
				64687832213A91C64AB28B32 /* Pods */,
				4C1BBAAA603063397C8F7AEF /* Frameworks */,
			);
			sourceTree = "<group>";
		};
		338A5717207F30CF000FA8BD /* Products */ = {
			isa = PBXGroup;
			children = (
				338A5716207F30CF000FA8BD /* TopPlate.app */,
				338A572E207F30D0000FA8BD /* TopPlateTests.xctest */,
				338A5739207F30D0000FA8BD /* TopPlateUITests.xctest */,
			);
			name = Products;
			sourceTree = "<group>";
		};
		338A5718207F30CF000FA8BD /* TopPlate */ = {
			isa = PBXGroup;
			children = (
				338A5719207F30CF000FA8BD /* AppDelegate.h */,
				338A571A207F30CF000FA8BD /* AppDelegate.m */,
				338A57B7207F7641000FA8BD /* TopPlatePrefixHeader.pch */,
				3366C1682083C1F900D710A9 /* APILinks.h */,
				3366C17E20862D7F00D710A9 /* Custom elements */,
				338A57BB207FB047000FA8BD /* Managers */,
				338A57B6207F6439000FA8BD /* Categories */,
				338A578B207F3673000FA8BD /* ModelHelpers */,
				338A5781207F3635000FA8BD /* Models */,
				338A574E207F3487000FA8BD /* ViewControllers */,
				338A576D207F358E000FA8BD /* Storyboards */,
				338A5722207F30D0000FA8BD /* Assets.xcassets */,
				338A5724207F30D0000FA8BD /* LaunchScreen.storyboard */,
				338A5727207F30D0000FA8BD /* Info.plist */,
				33504A3620A4DB6B00622F2E /* Milkshake.otf */,
				3366C17F20863CD500D710A9 /* Oswald-Light.ttf */,
				338A5728207F30D0000FA8BD /* main.m */,
				338A57F3207FB70D000FA8BD /* ThirdPartyLibraries */,
			);
			path = TopPlate;
			sourceTree = "<group>";
		};
		338A5731207F30D0000FA8BD /* TopPlateTests */ = {
			isa = PBXGroup;
			children = (
				338A5732207F30D0000FA8BD /* TopPlateTests.m */,
				338A5734207F30D0000FA8BD /* Info.plist */,
			);
			path = TopPlateTests;
			sourceTree = "<group>";
		};
		338A573C207F30D0000FA8BD /* TopPlateUITests */ = {
			isa = PBXGroup;
			children = (
				338A573D207F30D0000FA8BD /* TopPlateUITests.m */,
				338A573F207F30D0000FA8BD /* Info.plist */,
			);
			path = TopPlateUITests;
			sourceTree = "<group>";
		};
		338A574E207F3487000FA8BD /* ViewControllers */ = {
			isa = PBXGroup;
			children = (
				338A5794207F3746000FA8BD /* CustomTabBarViewController.h */,
				338A5795207F3746000FA8BD /* CustomTabBarViewController.m */,
				338A574F207F3498000FA8BD /* LoginControllers */,
				338A575C207F3504000FA8BD /* PlatesControllers */,
				338A5763207F3530000FA8BD /* SearchViewController.h */,
				338A5764207F3530000FA8BD /* SearchViewController.m */,
				338A5766207F353E000FA8BD /* WinnersViewController.h */,
				338A5767207F353E000FA8BD /* WinnersViewController.m */,
				338A576C207F3575000FA8BD /* ProfileControllers */,
			);
			path = ViewControllers;
			sourceTree = "<group>";
		};
		338A574F207F3498000FA8BD /* LoginControllers */ = {
			isa = PBXGroup;
			children = (
				338A574B207F3480000FA8BD /* WelcomeViewController.h */,
				338A574C207F3480000FA8BD /* WelcomeViewController.m */,
				338A5750207F34C4000FA8BD /* SignInViewController.h */,
				338A5751207F34C4000FA8BD /* SignInViewController.m */,
				338A5753207F34CE000FA8BD /* SignUpViewController.h */,
				338A5754207F34CE000FA8BD /* SignUpViewController.m */,
				338A5756207F34D8000FA8BD /* ForgotPasswordViewController.h */,
				338A5757207F34D8000FA8BD /* ForgotPasswordViewController.m */,
			);
			path = LoginControllers;
			sourceTree = "<group>";
		};
		338A575C207F3504000FA8BD /* PlatesControllers */ = {
			isa = PBXGroup;
			children = (
				3366C1722084B7F500D710A9 /* ChooseEnvironmentViewController.h */,
				3366C1732084B7F500D710A9 /* ChooseEnvironmentViewController.m */,
				338A5759207F34FF000FA8BD /* PlatesViewController.h */,
				338A575A207F34FF000FA8BD /* PlatesViewController.m */,
				338A579F207F55E1000FA8BD /* PlatesTableViewCell */,
				338A575D207F3517000FA8BD /* PlateInfoViewController.h */,
				338A575E207F3517000FA8BD /* PlateInfoViewController.m */,
				338A57A0207F55ED000FA8BD /* PlatesInfoTableViewCell */,
				338A5760207F3520000FA8BD /* UploadPlateViewController.h */,
				338A5761207F3520000FA8BD /* UploadPlateViewController.m */,
				33A7AC192096459D00C397AB /* UploadPlateCells */,
			);
			path = PlatesControllers;
			sourceTree = "<group>";
		};
		338A576C207F3575000FA8BD /* ProfileControllers */ = {
			isa = PBXGroup;
			children = (
				338A5769207F356F000FA8BD /* ProfileViewController.h */,
				338A576A207F356F000FA8BD /* ProfileViewController.m */,
				33B615F6209F6F600096F8C5 /* UserInfoCollectionViewCell.h */,
				33B615F7209F6F600096F8C5 /* UserInfoCollectionViewCell.m */,
				33B615F9209F71780096F8C5 /* PlateCollectionViewCell.h */,
				33B615FA209F71780096F8C5 /* PlateCollectionViewCell.m */,
				33B615FB209F71780096F8C5 /* PlateCollectionViewCell.xib */,
			);
			path = ProfileControllers;
			sourceTree = "<group>";
		};
		338A576D207F358E000FA8BD /* Storyboards */ = {
			isa = PBXGroup;
			children = (
				338A576E207F35A9000FA8BD /* Login.storyboard */,
				338A5792207F36D5000FA8BD /* CustomTabBar.storyboard */,
				338A5770207F35BB000FA8BD /* Plates.storyboard */,
				338A5775207F35D3000FA8BD /* Search.storyboard */,
				338A5797207F37E7000FA8BD /* UploadPlate.storyboard */,
				338A5777207F35EE000FA8BD /* Winners.storyboard */,
				338A5779207F35F5000FA8BD /* Profile.storyboard */,
			);
			path = Storyboards;
			sourceTree = "<group>";
		};
		338A5781207F3635000FA8BD /* Models */ = {
			isa = PBXGroup;
			children = (
				3300797E20A820EE00F4A941 /* KeyboardState.h */,
				3300797F20A820EE00F4A941 /* KeyboardState.m */,
				3366C1752085EFD700D710A9 /* EnvironmentsModel.h */,
				3366C1762085EFD700D710A9 /* EnvironmentsModel.m */,
				338A577E207F3630000FA8BD /* LoginModel.h */,
				338A577F207F3630000FA8BD /* LoginModel.m */,
				332D4E612099024700F535E2 /* User.h */,
				332D4E622099024700F535E2 /* User.m */,
				338A5782207F364A000FA8BD /* PlateModel.h */,
				338A5783207F364A000FA8BD /* PlateModel.m */,
				3366C18A20889C1800D710A9 /* AuthorModel.h */,
				3366C18B20889C1800D710A9 /* AuthorModel.m */,
				338A5785207F3660000FA8BD /* SocialLoginModel.h */,
				338A5786207F3660000FA8BD /* SocialLoginModel.m */,
			);
			path = Models;
			sourceTree = "<group>";
		};
		338A578B207F3673000FA8BD /* ModelHelpers */ = {
			isa = PBXGroup;
			children = (
				338A5788207F3670000FA8BD /* LoginModelHelper.h */,
				338A5789207F3670000FA8BD /* LoginModelHelper.m */,
				338A578C207F3687000FA8BD /* SocialLoginModelHelper.h */,
				338A578D207F3687000FA8BD /* SocialLoginModelHelper.m */,
				338A578F207F3693000FA8BD /* PlateModelHelper.h */,
				338A5790207F3693000FA8BD /* PlateModelHelper.m */,
				33B615F3209EFDD10096F8C5 /* AuthorModelHelper.h */,
				33B615F4209EFDD10096F8C5 /* AuthorModelHelper.m */,
			);
			path = ModelHelpers;
			sourceTree = "<group>";
		};
		338A579F207F55E1000FA8BD /* PlatesTableViewCell */ = {
			isa = PBXGroup;
			children = (
				3366C18D208B719900D710A9 /* CharityTableViewCell.h */,
				3366C18E208B719900D710A9 /* CharityTableViewCell.m */,
				338A5799207F55C6000FA8BD /* PlatesTableViewCell.h */,
				338A579A207F55C6000FA8BD /* PlatesTableViewCell.m */,
			);
			path = PlatesTableViewCell;
			sourceTree = "<group>";
		};
		338A57A0207F55ED000FA8BD /* PlatesInfoTableViewCell */ = {
			isa = PBXGroup;
			children = (
				338A57A1207F5677000FA8BD /* PlateImageTableViewCell.h */,
				338A57A2207F5677000FA8BD /* PlateImageTableViewCell.m */,
				338A57A4207F569D000FA8BD /* PlateNameTableViewCell.h */,
				338A57A5207F569D000FA8BD /* PlateNameTableViewCell.m */,
				338A57A7207F56A9000FA8BD /* PlateAuthorInfoTableViewCell.h */,
				338A57A8207F56A9000FA8BD /* PlateAuthorInfoTableViewCell.m */,
				338A57AA207F5EF2000FA8BD /* PlateIngredientTableViewCell.h */,
				338A57AB207F5EF2000FA8BD /* PlateIngredientTableViewCell.m */,
				338A57AD207F5F02000FA8BD /* PlateSocialShareTableViewCell.h */,
				338A57AE207F5F02000FA8BD /* PlateSocialShareTableViewCell.m */,
				338A57B0207F5F11000FA8BD /* PlateOtherReceiptsTableViewCell.h */,
				338A57B1207F5F11000FA8BD /* PlateOtherReceiptsTableViewCell.m */,
				3366C16F2083E8A200D710A9 /* OtherReceipsCollectionViewCell.h */,
				3366C1702083E8A200D710A9 /* OtherReceipsCollectionViewCell.m */,
			);
			path = PlatesInfoTableViewCell;
			sourceTree = "<group>";
		};
		338A57B6207F6439000FA8BD /* Categories */ = {
			isa = PBXGroup;
			children = (
				338A57B3207F6432000FA8BD /* UIViewController+BackgroundImage.h */,
				338A57B4207F6432000FA8BD /* UIViewController+BackgroundImage.m */,
				33D6E08C207FE4BA0097DAC4 /* UIView+Helper.h */,
				33D6E08D207FE4BA0097DAC4 /* UIView+Helper.m */,
				3366C16C2083CA2400D710A9 /* NSString+Helper.h */,
				3366C16D2083CA2400D710A9 /* NSString+Helper.m */,
				33504A3320A4B27900622F2E /* UIColor+Helper.h */,
				33504A3420A4B27900622F2E /* UIColor+Helper.m */,
			);
			path = Categories;
			sourceTree = "<group>";
		};
		338A57BB207FB047000FA8BD /* Managers */ = {
			isa = PBXGroup;
			children = (
				338A57B8207FB042000FA8BD /* NetworkManager.h */,
				338A57B9207FB042000FA8BD /* NetworkManager.m */,
				3366C1782086224A00D710A9 /* UserDefaultsManager.h */,
				3366C1792086224A00D710A9 /* UserDefaultsManager.m */,
				338A57F4207FBD8E000FA8BD /* ModelsManager.h */,
				338A57F5207FBD8E000FA8BD /* ModelsManager.m */,
				3366C18420867B0400D710A9 /* Helper.h */,
				3366C18520867B0400D710A9 /* Helper.m */,
				3366C1872086829200D710A9 /* MacrosHelper.h */,
				3366C1882086829200D710A9 /* MacrosHelper.m */,
			);
			path = Managers;
			sourceTree = "<group>";
		};
		338A57BC207FB700000FA8BD /* Mantle */ = {
			isa = PBXGroup;
			children = (
				338A57BD207FB700000FA8BD /* NSObject+MTLComparisonAdditions.h */,
				338A57BE207FB700000FA8BD /* MTLValueTransformer.h */,
				338A57BF207FB700000FA8BD /* NSValueTransformer+MTLPredefinedTransformerAdditions.m */,
				338A57C0207FB700000FA8BD /* NSError+MTLModelException.m */,
				338A57C1207FB700000FA8BD /* NSDictionary+MTLJSONKeyPath.h */,
				338A57C2207FB700000FA8BD /* extobjc */,
				338A57C9207FB700000FA8BD /* MTLJSONAdapter.m */,
				338A57CA207FB700000FA8BD /* MTLModel+NSCoding.m */,
				338A57CB207FB700000FA8BD /* MTLTransformerErrorHandling.h */,
				338A57CC207FB700000FA8BD /* NSValueTransformer+MTLInversionAdditions.h */,
				338A57CD207FB700000FA8BD /* NSDictionary+MTLManipulationAdditions.h */,
				338A57CE207FB700000FA8BD /* NSArray+MTLManipulationAdditions.m */,
				338A57CF207FB700000FA8BD /* MTLModel.m */,
				338A57D0207FB700000FA8BD /* NSDictionary+MTLMappingAdditions.m */,
				338A57D1207FB700000FA8BD /* MTLReflection.h */,
				338A57D2207FB700000FA8BD /* Mantle.h */,
				338A57D3207FB700000FA8BD /* NSError+MTLModelException.h */,
				338A57D4207FB700000FA8BD /* NSValueTransformer+MTLPredefinedTransformerAdditions.h */,
				338A57D5207FB700000FA8BD /* MTLValueTransformer.m */,
				338A57D6207FB700000FA8BD /* NSObject+MTLComparisonAdditions.m */,
				338A57D7207FB700000FA8BD /* MTLJSONAdapter.h */,
				338A57D8207FB700000FA8BD /* NSDictionary+MTLJSONKeyPath.m */,
				338A57D9207FB700000FA8BD /* NSValueTransformer+MTLInversionAdditions.m */,
				338A57DA207FB700000FA8BD /* MTLTransformerErrorHandling.m */,
				338A57DB207FB700000FA8BD /* MTLModel+NSCoding.h */,
				338A57DC207FB700000FA8BD /* Info.plist */,
				338A57DD207FB700000FA8BD /* MTLReflection.m */,
				338A57DE207FB700000FA8BD /* MTLModel.h */,
				338A57DF207FB700000FA8BD /* NSDictionary+MTLMappingAdditions.h */,
				338A57E0207FB700000FA8BD /* NSArray+MTLManipulationAdditions.h */,
				338A57E1207FB700000FA8BD /* NSDictionary+MTLManipulationAdditions.m */,
			);
			path = Mantle;
			sourceTree = "<group>";
		};
		338A57C2207FB700000FA8BD /* extobjc */ = {
			isa = PBXGroup;
			children = (
				338A57C3207FB700000FA8BD /* EXTRuntimeExtensions.h */,
				338A57C4207FB700000FA8BD /* metamacros.h */,
				338A57C5207FB700000FA8BD /* EXTScope.m */,
				338A57C6207FB700000FA8BD /* EXTRuntimeExtensions.m */,
				338A57C7207FB700000FA8BD /* EXTScope.h */,
				338A57C8207FB700000FA8BD /* EXTKeyPathCoding.h */,
			);
			path = extobjc;
			sourceTree = "<group>";
		};
		338A57F3207FB70D000FA8BD /* ThirdPartyLibraries */ = {
			isa = PBXGroup;
			children = (
				3300797220A76E0100F4A941 /* TPKeyboardAvoidingCollectionView.h */,
				3300797620A76E0100F4A941 /* TPKeyboardAvoidingCollectionView.m */,
				3300797320A76E0100F4A941 /* TPKeyboardAvoidingScrollView.h */,
				3300797120A76E0000F4A941 /* TPKeyboardAvoidingScrollView.m */,
				3300797820A76E0200F4A941 /* TPKeyboardAvoidingTableView.h */,
				3300797420A76E0100F4A941 /* TPKeyboardAvoidingTableView.m */,
				3300797720A76E0200F4A941 /* UIScrollView+TPKeyboardAvoidingAdditions.h */,
				3300797520A76E0100F4A941 /* UIScrollView+TPKeyboardAvoidingAdditions.m */,
				33A7AC2020970AEA00C397AB /* JSImagePickerController */,
				338A57BC207FB700000FA8BD /* Mantle */,
			);
			path = ThirdPartyLibraries;
			sourceTree = "<group>";
		};
		33A7AC192096459D00C397AB /* UploadPlateCells */ = {
			isa = PBXGroup;
			children = (
				33A7AC162096459700C397AB /* IngredientTableViewCell.h */,
				33A7AC172096459700C397AB /* IngredientTableViewCell.m */,
			);
			path = UploadPlateCells;
			sourceTree = "<group>";
		};
		33A7AC2020970AEA00C397AB /* JSImagePickerController */ = {
			isa = PBXGroup;
			children = (
				33A7AC2120970AEA00C397AB /* JSImagePickerViewController.h */,
				33A7AC2220970AEA00C397AB /* JSImagePickerViewController.m */,
			);
			path = JSImagePickerController;
			sourceTree = "<group>";
		};
		4C1BBAAA603063397C8F7AEF /* Frameworks */ = {
			isa = PBXGroup;
			children = (
				5B787FD32EBF82D4951E13FB /* libPods-TopPlate.a */,
				A82AE3966A28FBD0AB612FA1 /* libPods-TopPlateTests.a */,
				D6022C681FDB19AAE2806250 /* libPods-TopPlateUITests.a */,
			);
			name = Frameworks;
			sourceTree = "<group>";
		};
		64687832213A91C64AB28B32 /* Pods */ = {
			isa = PBXGroup;
			children = (
				9291A17FFBFE647BC95D6918 /* Pods-TopPlate.debug.xcconfig */,
				3424ED214A665742F032A388 /* Pods-TopPlate.release.xcconfig */,
				4F1F36E6F593A0BC19AA897D /* Pods-TopPlateTests.debug.xcconfig */,
				1A4609747087FCA603B59DD9 /* Pods-TopPlateTests.release.xcconfig */,
				5FE004DD3E5932D110229BE7 /* Pods-TopPlateUITests.debug.xcconfig */,
				9706F136D5769B3005863191 /* Pods-TopPlateUITests.release.xcconfig */,
			);
			name = Pods;
			sourceTree = "<group>";
		};
/* End PBXGroup section */

/* Begin PBXNativeTarget section */
		338A5715207F30CF000FA8BD /* TopPlate */ = {
			isa = PBXNativeTarget;
			buildConfigurationList = 338A5742207F30D0000FA8BD /* Build configuration list for PBXNativeTarget "TopPlate" */;
			buildPhases = (
				AE3C1D32AA0400152D3A7F88 /* [CP] Check Pods Manifest.lock */,
				338A5712207F30CF000FA8BD /* Sources */,
				338A5713207F30CF000FA8BD /* Frameworks */,
				338A5714207F30CF000FA8BD /* Resources */,
				B576231D939B4FFA9864F0E6 /* [CP] Copy Pods Resources */,
			);
			buildRules = (
			);
			dependencies = (
			);
			name = TopPlate;
			productName = TopPlate;
			productReference = 338A5716207F30CF000FA8BD /* TopPlate.app */;
			productType = "com.apple.product-type.application";
		};
		338A572D207F30D0000FA8BD /* TopPlateTests */ = {
			isa = PBXNativeTarget;
			buildConfigurationList = 338A5745207F30D0000FA8BD /* Build configuration list for PBXNativeTarget "TopPlateTests" */;
			buildPhases = (
				824F4F33AE4CE0460C88CC87 /* [CP] Check Pods Manifest.lock */,
				338A572A207F30D0000FA8BD /* Sources */,
				338A572B207F30D0000FA8BD /* Frameworks */,
				338A572C207F30D0000FA8BD /* Resources */,
			);
			buildRules = (
			);
			dependencies = (
				338A5730207F30D0000FA8BD /* PBXTargetDependency */,
			);
			name = TopPlateTests;
			productName = TopPlateTests;
			productReference = 338A572E207F30D0000FA8BD /* TopPlateTests.xctest */;
			productType = "com.apple.product-type.bundle.unit-test";
		};
		338A5738207F30D0000FA8BD /* TopPlateUITests */ = {
			isa = PBXNativeTarget;
			buildConfigurationList = 338A5748207F30D0000FA8BD /* Build configuration list for PBXNativeTarget "TopPlateUITests" */;
			buildPhases = (
				5C83D5BAC0157F1A12F68042 /* [CP] Check Pods Manifest.lock */,
				338A5735207F30D0000FA8BD /* Sources */,
				338A5736207F30D0000FA8BD /* Frameworks */,
				338A5737207F30D0000FA8BD /* Resources */,
			);
			buildRules = (
			);
			dependencies = (
				338A573B207F30D0000FA8BD /* PBXTargetDependency */,
			);
			name = TopPlateUITests;
			productName = TopPlateUITests;
			productReference = 338A5739207F30D0000FA8BD /* TopPlateUITests.xctest */;
			productType = "com.apple.product-type.bundle.ui-testing";
		};
/* End PBXNativeTarget section */

/* Begin PBXProject section */
		338A570E207F30CF000FA8BD /* Project object */ = {
			isa = PBXProject;
			attributes = {
				LastUpgradeCheck = 0930;
				ORGANIZATIONNAME = Enke;
				TargetAttributes = {
					338A5715207F30CF000FA8BD = {
						CreatedOnToolsVersion = 9.3;
					};
					338A572D207F30D0000FA8BD = {
						CreatedOnToolsVersion = 9.3;
						TestTargetID = 338A5715207F30CF000FA8BD;
					};
					338A5738207F30D0000FA8BD = {
						CreatedOnToolsVersion = 9.3;
						TestTargetID = 338A5715207F30CF000FA8BD;
					};
				};
			};
			buildConfigurationList = 338A5711207F30CF000FA8BD /* Build configuration list for PBXProject "TopPlate" */;
			compatibilityVersion = "Xcode 9.3";
			developmentRegion = en;
			hasScannedForEncodings = 0;
			knownRegions = (
				en,
				Base,
			);
			mainGroup = 338A570D207F30CF000FA8BD;
			productRefGroup = 338A5717207F30CF000FA8BD /* Products */;
			projectDirPath = "";
			projectRoot = "";
			targets = (
				338A5715207F30CF000FA8BD /* TopPlate */,
				338A572D207F30D0000FA8BD /* TopPlateTests */,
				338A5738207F30D0000FA8BD /* TopPlateUITests */,
			);
		};
/* End PBXProject section */

/* Begin PBXResourcesBuildPhase section */
		338A5714207F30CF000FA8BD /* Resources */ = {
			isa = PBXResourcesBuildPhase;
			buildActionMask = 2147483647;
			files = (
				338A5798207F37E7000FA8BD /* UploadPlate.storyboard in Resources */,
				338A576F207F35A9000FA8BD /* Login.storyboard in Resources */,
				338A5771207F35BB000FA8BD /* Plates.storyboard in Resources */,
				338A5726207F30D0000FA8BD /* LaunchScreen.storyboard in Resources */,
				338A5778207F35EE000FA8BD /* Winners.storyboard in Resources */,
				33B615FD209F71780096F8C5 /* PlateCollectionViewCell.xib in Resources */,
				338A5723207F30D0000FA8BD /* Assets.xcassets in Resources */,
				338A5793207F36D5000FA8BD /* CustomTabBar.storyboard in Resources */,
				33504A3720A4DB7200622F2E /* Milkshake.otf in Resources */,
				338A577A207F35F5000FA8BD /* Profile.storyboard in Resources */,
				3366C18020863CD500D710A9 /* Oswald-Light.ttf in Resources */,
				338A57F0207FB700000FA8BD /* Info.plist in Resources */,
				338A5776207F35D3000FA8BD /* Search.storyboard in Resources */,
			);
			runOnlyForDeploymentPostprocessing = 0;
		};
		338A572C207F30D0000FA8BD /* Resources */ = {
			isa = PBXResourcesBuildPhase;
			buildActionMask = 2147483647;
			files = (
			);
			runOnlyForDeploymentPostprocessing = 0;
		};
		338A5737207F30D0000FA8BD /* Resources */ = {
			isa = PBXResourcesBuildPhase;
			buildActionMask = 2147483647;
			files = (
			);
			runOnlyForDeploymentPostprocessing = 0;
		};
/* End PBXResourcesBuildPhase section */

/* Begin PBXShellScriptBuildPhase section */
		5C83D5BAC0157F1A12F68042 /* [CP] Check Pods Manifest.lock */ = {
			isa = PBXShellScriptBuildPhase;
			buildActionMask = 2147483647;
			files = (
			);
			inputPaths = (
				"${PODS_PODFILE_DIR_PATH}/Podfile.lock",
				"${PODS_ROOT}/Manifest.lock",
			);
			name = "[CP] Check Pods Manifest.lock";
			outputPaths = (
				"$(DERIVED_FILE_DIR)/Pods-TopPlateUITests-checkManifestLockResult.txt",
			);
			runOnlyForDeploymentPostprocessing = 0;
			shellPath = /bin/sh;
			shellScript = "diff \"${PODS_PODFILE_DIR_PATH}/Podfile.lock\" \"${PODS_ROOT}/Manifest.lock\" > /dev/null\nif [ $? != 0 ] ; then\n    # print error to STDERR\n    echo \"error: The sandbox is not in sync with the Podfile.lock. Run 'pod install' or update your CocoaPods installation.\" >&2\n    exit 1\nfi\n# This output is used by Xcode 'outputs' to avoid re-running this script phase.\necho \"SUCCESS\" > \"${SCRIPT_OUTPUT_FILE_0}\"\n";
			showEnvVarsInLog = 0;
		};
		824F4F33AE4CE0460C88CC87 /* [CP] Check Pods Manifest.lock */ = {
			isa = PBXShellScriptBuildPhase;
			buildActionMask = 2147483647;
			files = (
			);
			inputPaths = (
				"${PODS_PODFILE_DIR_PATH}/Podfile.lock",
				"${PODS_ROOT}/Manifest.lock",
			);
			name = "[CP] Check Pods Manifest.lock";
			outputPaths = (
				"$(DERIVED_FILE_DIR)/Pods-TopPlateTests-checkManifestLockResult.txt",
			);
			runOnlyForDeploymentPostprocessing = 0;
			shellPath = /bin/sh;
			shellScript = "diff \"${PODS_PODFILE_DIR_PATH}/Podfile.lock\" \"${PODS_ROOT}/Manifest.lock\" > /dev/null\nif [ $? != 0 ] ; then\n    # print error to STDERR\n    echo \"error: The sandbox is not in sync with the Podfile.lock. Run 'pod install' or update your CocoaPods installation.\" >&2\n    exit 1\nfi\n# This output is used by Xcode 'outputs' to avoid re-running this script phase.\necho \"SUCCESS\" > \"${SCRIPT_OUTPUT_FILE_0}\"\n";
			showEnvVarsInLog = 0;
		};
		AE3C1D32AA0400152D3A7F88 /* [CP] Check Pods Manifest.lock */ = {
			isa = PBXShellScriptBuildPhase;
			buildActionMask = 2147483647;
			files = (
			);
			inputPaths = (
				"${PODS_PODFILE_DIR_PATH}/Podfile.lock",
				"${PODS_ROOT}/Manifest.lock",
			);
			name = "[CP] Check Pods Manifest.lock";
			outputPaths = (
				"$(DERIVED_FILE_DIR)/Pods-TopPlate-checkManifestLockResult.txt",
			);
			runOnlyForDeploymentPostprocessing = 0;
			shellPath = /bin/sh;
			shellScript = "diff \"${PODS_PODFILE_DIR_PATH}/Podfile.lock\" \"${PODS_ROOT}/Manifest.lock\" > /dev/null\nif [ $? != 0 ] ; then\n    # print error to STDERR\n    echo \"error: The sandbox is not in sync with the Podfile.lock. Run 'pod install' or update your CocoaPods installation.\" >&2\n    exit 1\nfi\n# This output is used by Xcode 'outputs' to avoid re-running this script phase.\necho \"SUCCESS\" > \"${SCRIPT_OUTPUT_FILE_0}\"\n";
			showEnvVarsInLog = 0;
		};
		B576231D939B4FFA9864F0E6 /* [CP] Copy Pods Resources */ = {
			isa = PBXShellScriptBuildPhase;
			buildActionMask = 2147483647;
			files = (
			);
			inputPaths = (
				"${SRCROOT}/Pods/Target Support Files/Pods-TopPlate/Pods-TopPlate-resources.sh",
				"${PODS_ROOT}/FBSDKCoreKit/FacebookSDKStrings.bundle",
				"${PODS_ROOT}/GTMOAuth2/Source/Touch/GTMOAuth2ViewTouch.xib",
				"${PODS_ROOT}/GoogleSignIn/Resources/GoogleSignIn.bundle",
			);
			name = "[CP] Copy Pods Resources";
			outputPaths = (
				"${TARGET_BUILD_DIR}/${UNLOCALIZED_RESOURCES_FOLDER_PATH}/FacebookSDKStrings.bundle",
				"${TARGET_BUILD_DIR}/${UNLOCALIZED_RESOURCES_FOLDER_PATH}/GTMOAuth2ViewTouch.nib",
				"${TARGET_BUILD_DIR}/${UNLOCALIZED_RESOURCES_FOLDER_PATH}/GoogleSignIn.bundle",
			);
			runOnlyForDeploymentPostprocessing = 0;
			shellPath = /bin/sh;
			shellScript = "\"${SRCROOT}/Pods/Target Support Files/Pods-TopPlate/Pods-TopPlate-resources.sh\"\n";
			showEnvVarsInLog = 0;
		};
/* End PBXShellScriptBuildPhase section */

/* Begin PBXSourcesBuildPhase section */
		338A5712207F30CF000FA8BD /* Sources */ = {
			isa = PBXSourcesBuildPhase;
			buildActionMask = 2147483647;
			files = (
				338A57E2207FB700000FA8BD /* NSValueTransformer+MTLPredefinedTransformerAdditions.m in Sources */,
				338A57EB207FB700000FA8BD /* MTLValueTransformer.m in Sources */,
				338A5768207F353E000FA8BD /* WinnersViewController.m in Sources */,
				33504A2F20A49CD500622F2E /* TPButton.m in Sources */,
				33A7AC1C20964C6000C397AB /* TPTextField.m in Sources */,
				338A57F6207FBD8E000FA8BD /* ModelsManager.m in Sources */,
				33D6E08E207FE4BA0097DAC4 /* UIView+Helper.m in Sources */,
				338A57A6207F569D000FA8BD /* PlateNameTableViewCell.m in Sources */,
				338A5780207F3630000FA8BD /* LoginModel.m in Sources */,
				338A57F2207FB700000FA8BD /* NSDictionary+MTLManipulationAdditions.m in Sources */,
				3366C18F208B719900D710A9 /* CharityTableViewCell.m in Sources */,
				338A57E4207FB700000FA8BD /* EXTScope.m in Sources */,
				33A7AC182096459700C397AB /* IngredientTableViewCell.m in Sources */,
				338A57AC207F5EF2000FA8BD /* PlateIngredientTableViewCell.m in Sources */,
				3366C17D20862D6300D710A9 /* EnvironmentButton.m in Sources */,
				3366C1712083E8A200D710A9 /* OtherReceipsCollectionViewCell.m in Sources */,
				338A5784207F364A000FA8BD /* PlateModel.m in Sources */,
				338A57EC207FB700000FA8BD /* NSObject+MTLComparisonAdditions.m in Sources */,
				33B615FC209F71780096F8C5 /* PlateCollectionViewCell.m in Sources */,
				338A5787207F3660000FA8BD /* SocialLoginModel.m in Sources */,
				3300797C20A76E0200F4A941 /* TPKeyboardAvoidingCollectionView.m in Sources */,
				338A57E3207FB700000FA8BD /* NSError+MTLModelException.m in Sources */,
				338A578E207F3687000FA8BD /* SocialLoginModelHelper.m in Sources */,
				338A57A3207F5677000FA8BD /* PlateImageTableViewCell.m in Sources */,
				338A57E9207FB700000FA8BD /* MTLModel.m in Sources */,
				338A57BA207FB042000FA8BD /* NetworkManager.m in Sources */,
				338A575B207F34FF000FA8BD /* PlatesViewController.m in Sources */,
				33B615F8209F6F600096F8C5 /* UserInfoCollectionViewCell.m in Sources */,
				3366C1892086829200D710A9 /* MacrosHelper.m in Sources */,
				338A5791207F3693000FA8BD /* PlateModelHelper.m in Sources */,
				338A5758207F34D8000FA8BD /* ForgotPasswordViewController.m in Sources */,
				3366C17A2086224A00D710A9 /* UserDefaultsManager.m in Sources */,
				338A57B5207F6432000FA8BD /* UIViewController+BackgroundImage.m in Sources */,
				338A5765207F3530000FA8BD /* SearchViewController.m in Sources */,
				338A578A207F3670000FA8BD /* LoginModelHelper.m in Sources */,
				338A57EE207FB700000FA8BD /* NSValueTransformer+MTLInversionAdditions.m in Sources */,
				338A5752207F34C4000FA8BD /* SignInViewController.m in Sources */,
				3300798020A820EE00F4A941 /* KeyboardState.m in Sources */,
				338A57E6207FB700000FA8BD /* MTLJSONAdapter.m in Sources */,
				338A5796207F3746000FA8BD /* CustomTabBarViewController.m in Sources */,
				3366C1742084B7F500D710A9 /* ChooseEnvironmentViewController.m in Sources */,
				338A57F1207FB700000FA8BD /* MTLReflection.m in Sources */,
				33A7AC2320970AEA00C397AB /* JSImagePickerViewController.m in Sources */,
				338A579B207F55C6000FA8BD /* PlatesTableViewCell.m in Sources */,
				338A57E7207FB700000FA8BD /* MTLModel+NSCoding.m in Sources */,
				3366C18C20889C1800D710A9 /* AuthorModel.m in Sources */,
				338A57B2207F5F11000FA8BD /* PlateOtherReceiptsTableViewCell.m in Sources */,
				332D4E632099024700F535E2 /* User.m in Sources */,
				338A57E5207FB700000FA8BD /* EXTRuntimeExtensions.m in Sources */,
				3366C1772085EFD700D710A9 /* EnvironmentsModel.m in Sources */,
				338A5755207F34CE000FA8BD /* SignUpViewController.m in Sources */,
				338A57E8207FB700000FA8BD /* NSArray+MTLManipulationAdditions.m in Sources */,
				3300797920A76E0200F4A941 /* TPKeyboardAvoidingScrollView.m in Sources */,
				338A5729207F30D0000FA8BD /* main.m in Sources */,
				3300797B20A76E0200F4A941 /* UIScrollView+TPKeyboardAvoidingAdditions.m in Sources */,
				33B615F5209EFDD10096F8C5 /* AuthorModelHelper.m in Sources */,
				3300797A20A76E0200F4A941 /* TPKeyboardAvoidingTableView.m in Sources */,
				338A57ED207FB700000FA8BD /* NSDictionary+MTLJSONKeyPath.m in Sources */,
				3366C18620867B0400D710A9 /* Helper.m in Sources */,
				338A57EF207FB700000FA8BD /* MTLTransformerErrorHandling.m in Sources */,
				338A5762207F3520000FA8BD /* UploadPlateViewController.m in Sources */,
				338A575F207F3517000FA8BD /* PlateInfoViewController.m in Sources */,
				338A571B207F30CF000FA8BD /* AppDelegate.m in Sources */,
				338A576B207F356F000FA8BD /* ProfileViewController.m in Sources */,
				33504A3520A4B27900622F2E /* UIColor+Helper.m in Sources */,
				33A7AC1F2096649A00C397AB /* TPTextView.m in Sources */,
				338A57A9207F56A9000FA8BD /* PlateAuthorInfoTableViewCell.m in Sources */,
				338A57EA207FB700000FA8BD /* NSDictionary+MTLMappingAdditions.m in Sources */,
				338A574D207F3480000FA8BD /* WelcomeViewController.m in Sources */,
				338A57AF207F5F02000FA8BD /* PlateSocialShareTableViewCell.m in Sources */,
				3366C16E2083CA2400D710A9 /* NSString+Helper.m in Sources */,
			);
			runOnlyForDeploymentPostprocessing = 0;
		};
		338A572A207F30D0000FA8BD /* Sources */ = {
			isa = PBXSourcesBuildPhase;
			buildActionMask = 2147483647;
			files = (
				338A5733207F30D0000FA8BD /* TopPlateTests.m in Sources */,
			);
			runOnlyForDeploymentPostprocessing = 0;
		};
		338A5735207F30D0000FA8BD /* Sources */ = {
			isa = PBXSourcesBuildPhase;
			buildActionMask = 2147483647;
			files = (
				338A573E207F30D0000FA8BD /* TopPlateUITests.m in Sources */,
			);
			runOnlyForDeploymentPostprocessing = 0;
		};
/* End PBXSourcesBuildPhase section */

/* Begin PBXTargetDependency section */
		338A5730207F30D0000FA8BD /* PBXTargetDependency */ = {
			isa = PBXTargetDependency;
			target = 338A5715207F30CF000FA8BD /* TopPlate */;
			targetProxy = 338A572F207F30D0000FA8BD /* PBXContainerItemProxy */;
		};
		338A573B207F30D0000FA8BD /* PBXTargetDependency */ = {
			isa = PBXTargetDependency;
			target = 338A5715207F30CF000FA8BD /* TopPlate */;
			targetProxy = 338A573A207F30D0000FA8BD /* PBXContainerItemProxy */;
		};
/* End PBXTargetDependency section */

/* Begin PBXVariantGroup section */
		338A5724207F30D0000FA8BD /* LaunchScreen.storyboard */ = {
			isa = PBXVariantGroup;
			children = (
				338A5725207F30D0000FA8BD /* Base */,
			);
			name = LaunchScreen.storyboard;
			sourceTree = "<group>";
		};
/* End PBXVariantGroup section */

/* Begin XCBuildConfiguration section */
		338A5740207F30D0000FA8BD /* Debug */ = {
			isa = XCBuildConfiguration;
			buildSettings = {
				ALWAYS_SEARCH_USER_PATHS = NO;
				CLANG_ANALYZER_NONNULL = YES;
				CLANG_ANALYZER_NUMBER_OBJECT_CONVERSION = YES_AGGRESSIVE;
				CLANG_CXX_LANGUAGE_STANDARD = "gnu++14";
				CLANG_CXX_LIBRARY = "libc++";
				CLANG_ENABLE_MODULES = YES;
				CLANG_ENABLE_OBJC_ARC = YES;
				CLANG_ENABLE_OBJC_WEAK = YES;
				CLANG_WARN_BLOCK_CAPTURE_AUTORELEASING = YES;
				CLANG_WARN_BOOL_CONVERSION = YES;
				CLANG_WARN_COMMA = YES;
				CLANG_WARN_CONSTANT_CONVERSION = YES;
				CLANG_WARN_DEPRECATED_OBJC_IMPLEMENTATIONS = YES;
				CLANG_WARN_DIRECT_OBJC_ISA_USAGE = YES_ERROR;
				CLANG_WARN_DOCUMENTATION_COMMENTS = YES;
				CLANG_WARN_EMPTY_BODY = YES;
				CLANG_WARN_ENUM_CONVERSION = YES;
				CLANG_WARN_INFINITE_RECURSION = YES;
				CLANG_WARN_INT_CONVERSION = YES;
				CLANG_WARN_NON_LITERAL_NULL_CONVERSION = YES;
				CLANG_WARN_OBJC_IMPLICIT_RETAIN_SELF = YES;
				CLANG_WARN_OBJC_LITERAL_CONVERSION = YES;
				CLANG_WARN_OBJC_ROOT_CLASS = YES_ERROR;
				CLANG_WARN_RANGE_LOOP_ANALYSIS = YES;
				CLANG_WARN_STRICT_PROTOTYPES = YES;
				CLANG_WARN_SUSPICIOUS_MOVE = YES;
				CLANG_WARN_UNGUARDED_AVAILABILITY = YES_AGGRESSIVE;
				CLANG_WARN_UNREACHABLE_CODE = YES;
				CLANG_WARN__DUPLICATE_METHOD_MATCH = YES;
				CODE_SIGN_IDENTITY = "iPhone Developer";
				COPY_PHASE_STRIP = NO;
				DEBUG_INFORMATION_FORMAT = dwarf;
				ENABLE_STRICT_OBJC_MSGSEND = YES;
				ENABLE_TESTABILITY = YES;
				GCC_C_LANGUAGE_STANDARD = gnu11;
				GCC_DYNAMIC_NO_PIC = NO;
				GCC_NO_COMMON_BLOCKS = YES;
				GCC_OPTIMIZATION_LEVEL = 0;
				GCC_PREPROCESSOR_DEFINITIONS = (
					"DEBUG=1",
					"$(inherited)",
				);
				GCC_WARN_64_TO_32_BIT_CONVERSION = YES;
				GCC_WARN_ABOUT_RETURN_TYPE = YES_ERROR;
				GCC_WARN_UNDECLARED_SELECTOR = YES;
				GCC_WARN_UNINITIALIZED_AUTOS = YES_AGGRESSIVE;
				GCC_WARN_UNUSED_FUNCTION = YES;
				GCC_WARN_UNUSED_VARIABLE = YES;
				IPHONEOS_DEPLOYMENT_TARGET = 11.3;
				MTL_ENABLE_DEBUG_INFO = YES;
				ONLY_ACTIVE_ARCH = YES;
				SDKROOT = iphoneos;
			};
			name = Debug;
		};
		338A5741207F30D0000FA8BD /* Release */ = {
			isa = XCBuildConfiguration;
			buildSettings = {
				ALWAYS_SEARCH_USER_PATHS = NO;
				CLANG_ANALYZER_NONNULL = YES;
				CLANG_ANALYZER_NUMBER_OBJECT_CONVERSION = YES_AGGRESSIVE;
				CLANG_CXX_LANGUAGE_STANDARD = "gnu++14";
				CLANG_CXX_LIBRARY = "libc++";
				CLANG_ENABLE_MODULES = YES;
				CLANG_ENABLE_OBJC_ARC = YES;
				CLANG_ENABLE_OBJC_WEAK = YES;
				CLANG_WARN_BLOCK_CAPTURE_AUTORELEASING = YES;
				CLANG_WARN_BOOL_CONVERSION = YES;
				CLANG_WARN_COMMA = YES;
				CLANG_WARN_CONSTANT_CONVERSION = YES;
				CLANG_WARN_DEPRECATED_OBJC_IMPLEMENTATIONS = YES;
				CLANG_WARN_DIRECT_OBJC_ISA_USAGE = YES_ERROR;
				CLANG_WARN_DOCUMENTATION_COMMENTS = YES;
				CLANG_WARN_EMPTY_BODY = YES;
				CLANG_WARN_ENUM_CONVERSION = YES;
				CLANG_WARN_INFINITE_RECURSION = YES;
				CLANG_WARN_INT_CONVERSION = YES;
				CLANG_WARN_NON_LITERAL_NULL_CONVERSION = YES;
				CLANG_WARN_OBJC_IMPLICIT_RETAIN_SELF = YES;
				CLANG_WARN_OBJC_LITERAL_CONVERSION = YES;
				CLANG_WARN_OBJC_ROOT_CLASS = YES_ERROR;
				CLANG_WARN_RANGE_LOOP_ANALYSIS = YES;
				CLANG_WARN_STRICT_PROTOTYPES = YES;
				CLANG_WARN_SUSPICIOUS_MOVE = YES;
				CLANG_WARN_UNGUARDED_AVAILABILITY = YES_AGGRESSIVE;
				CLANG_WARN_UNREACHABLE_CODE = YES;
				CLANG_WARN__DUPLICATE_METHOD_MATCH = YES;
				CODE_SIGN_IDENTITY = "iPhone Developer";
				COPY_PHASE_STRIP = NO;
				DEBUG_INFORMATION_FORMAT = "dwarf-with-dsym";
				ENABLE_NS_ASSERTIONS = NO;
				ENABLE_STRICT_OBJC_MSGSEND = YES;
				GCC_C_LANGUAGE_STANDARD = gnu11;
				GCC_NO_COMMON_BLOCKS = YES;
				GCC_WARN_64_TO_32_BIT_CONVERSION = YES;
				GCC_WARN_ABOUT_RETURN_TYPE = YES_ERROR;
				GCC_WARN_UNDECLARED_SELECTOR = YES;
				GCC_WARN_UNINITIALIZED_AUTOS = YES_AGGRESSIVE;
				GCC_WARN_UNUSED_FUNCTION = YES;
				GCC_WARN_UNUSED_VARIABLE = YES;
				IPHONEOS_DEPLOYMENT_TARGET = 11.3;
				MTL_ENABLE_DEBUG_INFO = NO;
				SDKROOT = iphoneos;
				VALIDATE_PRODUCT = YES;
			};
			name = Release;
		};
		338A5743207F30D0000FA8BD /* Debug */ = {
			isa = XCBuildConfiguration;
			baseConfigurationReference = 9291A17FFBFE647BC95D6918 /* Pods-TopPlate.debug.xcconfig */;
			buildSettings = {
				ASSETCATALOG_COMPILER_APPICON_NAME = AppIcon;
				ASSETCATALOG_COMPILER_LAUNCHIMAGE_NAME = LaunchImage;
				CODE_SIGN_STYLE = Manual;
				DEVELOPMENT_TEAM = TCF99X86N5;
				GCC_PRECOMPILE_PREFIX_HEADER = YES;
				GCC_PREFIX_HEADER = TopPlate/TopPlatePrefixHeader.pch;
				INFOPLIST_FILE = TopPlate/Info.plist;
				IPHONEOS_DEPLOYMENT_TARGET = 11.0;
				LD_RUNPATH_SEARCH_PATHS = (
					"$(inherited)",
					"@executable_path/Frameworks",
				);
				PRODUCT_BUNDLE_IDENTIFIER = com.enke.TopPlate;
				PRODUCT_NAME = "$(TARGET_NAME)";
				PROVISIONING_PROFILE = "6c0165ff-7356-48e3-9a10-735735cd51f3";
				PROVISIONING_PROFILE_SPECIFIER = "TopPlate Development PP";
				TARGETED_DEVICE_FAMILY = "1,2";
			};
			name = Debug;
		};
		338A5744207F30D0000FA8BD /* Release */ = {
			isa = XCBuildConfiguration;
			baseConfigurationReference = 3424ED214A665742F032A388 /* Pods-TopPlate.release.xcconfig */;
			buildSettings = {
				ASSETCATALOG_COMPILER_APPICON_NAME = AppIcon;
				ASSETCATALOG_COMPILER_LAUNCHIMAGE_NAME = LaunchImage;
				CODE_SIGN_IDENTITY = "iPhone Distribution";
				CODE_SIGN_STYLE = Manual;
				DEVELOPMENT_TEAM = TCF99X86N5;
				GCC_PRECOMPILE_PREFIX_HEADER = YES;
				GCC_PREFIX_HEADER = TopPlate/TopPlatePrefixHeader.pch;
				INFOPLIST_FILE = TopPlate/Info.plist;
				IPHONEOS_DEPLOYMENT_TARGET = 11.0;
				LD_RUNPATH_SEARCH_PATHS = (
					"$(inherited)",
					"@executable_path/Frameworks",
				);
				PRODUCT_BUNDLE_IDENTIFIER = com.enke.TopPlate;
				PRODUCT_NAME = "$(TARGET_NAME)";
				PROVISIONING_PROFILE = "fc943386-cabc-4469-ba84-1079c2a05c08";
				PROVISIONING_PROFILE_SPECIFIER = "TopPlate Ad Hoc Distribution PP";
				TARGETED_DEVICE_FAMILY = "1,2";
			};
			name = Release;
		};
		338A5746207F30D0000FA8BD /* Debug */ = {
			isa = XCBuildConfiguration;
			baseConfigurationReference = 4F1F36E6F593A0BC19AA897D /* Pods-TopPlateTests.debug.xcconfig */;
			buildSettings = {
				BUNDLE_LOADER = "$(TEST_HOST)";
				CODE_SIGN_STYLE = Automatic;
				INFOPLIST_FILE = TopPlateTests/Info.plist;
				LD_RUNPATH_SEARCH_PATHS = (
					"$(inherited)",
					"@executable_path/Frameworks",
					"@loader_path/Frameworks",
				);
				PRODUCT_BUNDLE_IDENTIFIER = com.enke.TopPlateTests;
				PRODUCT_NAME = "$(TARGET_NAME)";
				TARGETED_DEVICE_FAMILY = "1,2";
				TEST_HOST = "$(BUILT_PRODUCTS_DIR)/TopPlate.app/TopPlate";
			};
			name = Debug;
		};
		338A5747207F30D0000FA8BD /* Release */ = {
			isa = XCBuildConfiguration;
			baseConfigurationReference = 1A4609747087FCA603B59DD9 /* Pods-TopPlateTests.release.xcconfig */;
			buildSettings = {
				BUNDLE_LOADER = "$(TEST_HOST)";
				CODE_SIGN_STYLE = Automatic;
				INFOPLIST_FILE = TopPlateTests/Info.plist;
				LD_RUNPATH_SEARCH_PATHS = (
					"$(inherited)",
					"@executable_path/Frameworks",
					"@loader_path/Frameworks",
				);
				PRODUCT_BUNDLE_IDENTIFIER = com.enke.TopPlateTests;
				PRODUCT_NAME = "$(TARGET_NAME)";
				TARGETED_DEVICE_FAMILY = "1,2";
				TEST_HOST = "$(BUILT_PRODUCTS_DIR)/TopPlate.app/TopPlate";
			};
			name = Release;
		};
		338A5749207F30D0000FA8BD /* Debug */ = {
			isa = XCBuildConfiguration;
			baseConfigurationReference = 5FE004DD3E5932D110229BE7 /* Pods-TopPlateUITests.debug.xcconfig */;
			buildSettings = {
				CODE_SIGN_STYLE = Automatic;
				INFOPLIST_FILE = TopPlateUITests/Info.plist;
				LD_RUNPATH_SEARCH_PATHS = (
					"$(inherited)",
					"@executable_path/Frameworks",
					"@loader_path/Frameworks",
				);
				PRODUCT_BUNDLE_IDENTIFIER = com.enke.TopPlateUITests;
				PRODUCT_NAME = "$(TARGET_NAME)";
				TARGETED_DEVICE_FAMILY = "1,2";
				TEST_TARGET_NAME = TopPlate;
			};
			name = Debug;
		};
		338A574A207F30D0000FA8BD /* Release */ = {
			isa = XCBuildConfiguration;
			baseConfigurationReference = 9706F136D5769B3005863191 /* Pods-TopPlateUITests.release.xcconfig */;
			buildSettings = {
				CODE_SIGN_STYLE = Automatic;
				INFOPLIST_FILE = TopPlateUITests/Info.plist;
				LD_RUNPATH_SEARCH_PATHS = (
					"$(inherited)",
					"@executable_path/Frameworks",
					"@loader_path/Frameworks",
				);
				PRODUCT_BUNDLE_IDENTIFIER = com.enke.TopPlateUITests;
				PRODUCT_NAME = "$(TARGET_NAME)";
				TARGETED_DEVICE_FAMILY = "1,2";
				TEST_TARGET_NAME = TopPlate;
			};
			name = Release;
		};
/* End XCBuildConfiguration section */

/* Begin XCConfigurationList section */
		338A5711207F30CF000FA8BD /* Build configuration list for PBXProject "TopPlate" */ = {
			isa = XCConfigurationList;
			buildConfigurations = (
				338A5740207F30D0000FA8BD /* Debug */,
				338A5741207F30D0000FA8BD /* Release */,
			);
			defaultConfigurationIsVisible = 0;
			defaultConfigurationName = Release;
		};
		338A5742207F30D0000FA8BD /* Build configuration list for PBXNativeTarget "TopPlate" */ = {
			isa = XCConfigurationList;
			buildConfigurations = (
				338A5743207F30D0000FA8BD /* Debug */,
				338A5744207F30D0000FA8BD /* Release */,
			);
			defaultConfigurationIsVisible = 0;
			defaultConfigurationName = Release;
		};
		338A5745207F30D0000FA8BD /* Build configuration list for PBXNativeTarget "TopPlateTests" */ = {
			isa = XCConfigurationList;
			buildConfigurations = (
				338A5746207F30D0000FA8BD /* Debug */,
				338A5747207F30D0000FA8BD /* Release */,
			);
			defaultConfigurationIsVisible = 0;
			defaultConfigurationName = Release;
		};
		338A5748207F30D0000FA8BD /* Build configuration list for PBXNativeTarget "TopPlateUITests" */ = {
			isa = XCConfigurationList;
			buildConfigurations = (
				338A5749207F30D0000FA8BD /* Debug */,
				338A574A207F30D0000FA8BD /* Release */,
			);
			defaultConfigurationIsVisible = 0;
			defaultConfigurationName = Release;
		};
/* End XCConfigurationList section */
	};
	rootObject = 338A570E207F30CF000FA8BD /* Project object */;
}
